
Microsoft Visual Studio Solution File, Format Version 12.00
# Visual Studio Version 17
VisualStudioVersion = 17.0.32014.148
MinimumVisualStudioVersion = 10.0.40219.1
Project("{FAE04EC0-301F-11D3-BF4B-00C04F79EFBC}") = "TimeWatcher", "TimeWatcher\TimeWatcher.csproj", "{E5EB0AEA-E4BF-44FA-80B1-3822301EBC6F}"
EndProject
Global
	GlobalSection(SolutionConfigurationPlatforms) = preSolution
		Debug|Any CPU = Debug|Any CPU
		Release|Any CPU = Release|Any CPU
	EndGlobalSection
	GlobalSection(ProjectConfigurationPlatforms) = postSolution
		{E5EB0AEA-E4BF-44FA-80B1-3822301EBC6F}.Debug|Any CPU.ActiveCfg = Debug|Any CPU
		{E5EB0AEA-E4BF-44FA-80B1-3822301EBC6F}.Debug|Any CPU.Build.0 = Debug|Any CPU
		{E5EB0AEA-E4BF-44FA-80B1-3822301EBC6F}.Release|Any CPU.ActiveCfg = Release|Any CPU
		{E5EB0AEA-E4BF-44FA-80B1-3822301EBC6F}.Release|Any CPU.Build.0 = Release|Any CPU
	EndGlobalSection
	GlobalSection(SolutionProperties) = preSolution
		HideSolutionNode = FALSE
	EndGlobalSection
	GlobalSection(ExtensibilityGlobals) = postSolution
		SolutionGuid = {E3FA9FE3-E068-49A4-AE47-01EDB88C1C7E}
	EndGlobalSection
EndGlobal
