
Microsoft Visual Studio Solution File, Format Version 12.00
Project("{FAE04EC0-301F-11D3-BF4B-00C04F79EFBC}") = "LoadTestUpdateActiveQuestionSpCaller", "LoadTestUpdateActiveQuestionSpCaller\LoadTestUpdateActiveQuestionSpCaller.csproj", "{A12D7F08-9541-49D2-ADB4-BD906D21D356}"
EndProject
Global
	GlobalSection(SolutionConfigurationPlatforms) = preSolution
		Debug|Any CPU = Debug|Any CPU
		Release|Any CPU = Release|Any CPU
	EndGlobalSection
	GlobalSection(ProjectConfigurationPlatforms) = postSolution
		{A12D7F08-9541-49D2-ADB4-BD906D21D356}.Debug|Any CPU.ActiveCfg = Debug|Any CPU
		{A12D7F08-9541-49D2-ADB4-BD906D21D356}.Debug|Any CPU.Build.0 = Debug|Any CPU
		{A12D7F08-9541-49D2-ADB4-BD906D21D356}.Release|Any CPU.ActiveCfg = Release|Any CPU
		{A12D7F08-9541-49D2-ADB4-BD906D21D356}.Release|Any CPU.Build.0 = Release|Any CPU
	EndGlobalSection
EndGlobal
