
Microsoft Visual Studio Solution File, Format Version 12.00
# Visual Studio 15
VisualStudioVersion = 15.0.27703.2000
MinimumVisualStudioVersion = 10.0.40219.1
Project("{FAE04EC0-301F-11D3-BF4B-00C04F79EFBC}") = "CatiOlympicPrepareTest", "CatiOlympicPrepareTest\CatiOlympicPrepareTest.csproj", "{C1FA6046-1CBA-4807-82CB-43F45157FFEC}"
EndProject
Global
	GlobalSection(SolutionConfigurationPlatforms) = preSolution
		Debug|Any CPU = Debug|Any CPU
		Release|Any CPU = Release|Any CPU
	EndGlobalSection
	GlobalSection(ProjectConfigurationPlatforms) = postSolution
		{C1FA6046-1CBA-4807-82CB-43F45157FFEC}.Debug|Any CPU.ActiveCfg = Debug|Any CPU
		{C1FA6046-1CBA-4807-82CB-43F45157FFEC}.Debug|Any CPU.Build.0 = Debug|Any CPU
		{C1FA6046-1CBA-4807-82CB-43F45157FFEC}.Release|Any CPU.ActiveCfg = Release|Any CPU
		{C1FA6046-1CBA-4807-82CB-43F45157FFEC}.Release|Any CPU.Build.0 = Release|Any CPU
	EndGlobalSection
	GlobalSection(SolutionProperties) = preSolution
		HideSolutionNode = FALSE
	EndGlobalSection
	GlobalSection(ExtensibilityGlobals) = postSolution
		SolutionGuid = {77ACB93B-4E4A-4F35-B009-145EF96207BD}
	EndGlobalSection
EndGlobal
