
Microsoft Visual Studio Solution File, Format Version 11.00
# Visual Studio 2010
Project("{FAE04EC0-301F-11D3-BF4B-00C04F79EFBC}") = "SimulatorDialerDriverDemo", "SimulatorDialerDriverDemo.csproj", "{CF4E2212-57ED-4998-A0DD-24F15A3C6185}"
EndProject
Global
	GlobalSection(SolutionConfigurationPlatforms) = preSolution
		Debug|Any CPU = Debug|Any CPU
		Release|Any CPU = Release|Any CPU
	EndGlobalSection
	GlobalSection(ProjectConfigurationPlatforms) = postSolution
		{CF4E2212-57ED-4998-A0DD-24F15A3C6185}.Debug|Any CPU.ActiveCfg = Debug|Any CPU
		{CF4E2212-57ED-4998-A0DD-24F15A3C6185}.Debug|Any CPU.Build.0 = Debug|Any CPU
		{CF4E2212-57ED-4998-A0DD-24F15A3C6185}.Release|Any CPU.ActiveCfg = Release|Any CPU
		{CF4E2212-57ED-4998-A0DD-24F15A3C6185}.Release|Any CPU.Build.0 = Release|Any CPU
	EndGlobalSection
	GlobalSection(SolutionProperties) = preSolution
		HideSolutionNode = FALSE
	EndGlobalSection
EndGlobal
