
Microsoft Visual Studio Solution File, Format Version 12.00
# Visual Studio Version 16
VisualStudioVersion = 16.0.30804.86
MinimumVisualStudioVersion = 10.0.40219.1
Project("{FAE04EC0-301F-11D3-BF4B-00C04F79EFBC}") = "Confirmit.CATI.Telephony.DialerService", "Confirmit.CATI.Telephony\DialerService\Confirmit.CATI.Telephony.DialerService.csproj", "{910ADC71-3BDF-4F2B-9A00-43AA50030BE6}"
EndProject
Project("{FAE04EC0-301F-11D3-BF4B-00C04F79EFBC}") = "Confirmit.CATI.Telephony.DialerService.Contract", "Confirmit.CATI.Telephony\DialerService.Contract\Confirmit.CATI.Telephony.DialerService.Contract.csproj", "{2426566C-7CB2-47AE-BF97-2DC53539653A}"
EndProject
Project("{FAE04EC0-301F-11D3-BF4B-00C04F79EFBC}") = "Confirmit.CATI.Telephony.DialerService.UnitTests", "Confirmit.CATI.Telephony\DialerService.UnitTests\Confirmit.CATI.Telephony.DialerService.UnitTests.csproj", "{D587D922-60EF-4AB7-8EE5-8324772F90CA}"
EndProject
Project("{FAE04EC0-301F-11D3-BF4B-00C04F79EFBC}") = "CustomDialerSimulator", "Confirmit.CATI.Telephony\CustomDialer\CustomDialerSimulator\CustomDialerSimulator.csproj", "{84C944D1-3981-49D5-BFBE-D4D4C1A7F7F7}"
EndProject
Project("{FAE04EC0-301F-11D3-BF4B-00C04F79EFBC}") = "DialerConfigurationUtility", "Confirmit.CATI.Telephony\DialerConfigurationUtility\DialerConfigurationUtility.csproj", "{33D7F089-E5AB-47E5-AEAD-16A029C25A6C}"
EndProject
Project("{FAE04EC0-301F-11D3-BF4B-00C04F79EFBC}") = "DialerConfigurationUtility.UnitTests", "Confirmit.CATI.Telephony\DialerConfigurationUtility.UnitTests\DialerConfigurationUtility.UnitTests.csproj", "{83E06700-3ED3-45FC-891A-E494862E79E3}"
EndProject
Project("{FAE04EC0-301F-11D3-BF4B-00C04F79EFBC}") = "DialerIntegrationTests", "Confirmit.CATI.Telephony\DialerIntegrationTests\DialerIntegrationTests.csproj", "{5F289853-8072-496A-85C6-B5C9DD1DACC1}"
EndProject
Project("{FAE04EC0-301F-11D3-BF4B-00C04F79EFBC}") = "DialerLibrary", "Confirmit.CATI.Telephony\DialerLibrary\DialerLibrary.csproj", "{B8E3884D-1196-40CF-8259-268BE99814C5}"
EndProject
Project("{FAE04EC0-301F-11D3-BF4B-00C04F79EFBC}") = "DialerLibrary.UnitTests", "Confirmit.CATI.Telephony\DialerLibrary.UnitTests\DialerLibrary.UnitTests.csproj", "{33F588FA-DB7D-46BB-8CCA-36ACEEBE0EB1}"
EndProject
Project("{FAE04EC0-301F-11D3-BF4B-00C04F79EFBC}") = "DialerService.WebService", "Confirmit.CATI.Telephony\DialerService.WebService\DialerService.WebService.csproj", "{A88BDD28-CCD4-4A28-932B-F73DDE02840E}"
EndProject
Project("{FAE04EC0-301F-11D3-BF4B-00C04F79EFBC}") = "SimulatorDialerDriver", "Confirmit.CATI.Telephony\SimulatorDialerDriver\SimulatorDialerDriver.csproj", "{CF4E2212-57ED-4998-A0DD-24F15A3C6185}"
EndProject
Project("{FAE04EC0-301F-11D3-BF4B-00C04F79EFBC}") = "SimulatorDialerDriverCodiDemo", "Confirmit.CATI.Telephony\SimulatorDialerDriverDemo\SimulatorDialerDriverCodiDemo.csproj", "{48DE715B-1501-4202-A3E4-17045AB5F9D3}"
EndProject
Project("{2150E333-8FDC-42A3-9474-1A3956D46DE8}") = "Solution Items", "Solution Items", "{63FCC709-F764-4A01-9B7B-790DF20A8F0A}"
	ProjectSection(SolutionItems) = preProject
		CodiVersion.targets = CodiVersion.targets
	EndProjectSection
EndProject
Project("{2150E333-8FDC-42A3-9474-1A3956D46DE8}") = "OpenDialer", "OpenDialer", "{5A493521-58C0-4B84-9FBD-C58EC3016C51}"
	ProjectSection(SolutionItems) = preProject
		Confirmit.CATI.Telephony\OpenDialer\ReleaseNotes.txt = Confirmit.CATI.Telephony\OpenDialer\ReleaseNotes.txt
	EndProjectSection
EndProject
Project("{2150E333-8FDC-42A3-9474-1A3956D46DE8}") = "v.3.0", "v.3.0", "{D052C890-DA0C-419E-BF62-DAF4B527AEE1}"
EndProject
Project("{2150E333-8FDC-42A3-9474-1A3956D46DE8}") = "v.3.2", "v.3.2", "{1CED8752-D248-425E-B665-AE95F687C5CE}"
EndProject
Project("{FAE04EC0-301F-11D3-BF4B-00C04F79EFBC}") = "Confirmit.CATI.DialerInterface.3.0", "Confirmit.CATI.Telephony\OpenDialer\v.3.0\ConfirmitDialerInterface\Confirmit.CATI.DialerInterface.3.0.csproj", "{08A919F9-5651-45A3-BFF3-1A80B6849E9C}"
EndProject
Project("{FAE04EC0-301F-11D3-BF4B-00C04F79EFBC}") = "DialerCommon.3.0", "Confirmit.CATI.Telephony\OpenDialer\v.3.0\DialerCommon\DialerCommon.3.0.csproj", "{5C3EFC3B-E56C-4C7D-BA3B-DF34DC75CA6B}"
EndProject
Project("{FAE04EC0-301F-11D3-BF4B-00C04F79EFBC}") = "Confirmit.CATI.Telephony.DialerService", "Confirmit.CATI.Telephony\OpenDialer\v.3.0\DialerService\Confirmit.CATI.Telephony.DialerService.csproj", "{9F16696C-7EE9-4F5F-B1B7-6111CED4D351}"
EndProject
Project("{FAE04EC0-301F-11D3-BF4B-00C04F79EFBC}") = "Confirmit.CATI.Telephony.DialerService.3.0.Contract", "Confirmit.CATI.Telephony\OpenDialer\v.3.0\DialerService.Contract\Confirmit.CATI.Telephony.DialerService.3.0.Contract.csproj", "{C6DB63CA-1892-4E6C-A6F4-F3A71F2DFF24}"
EndProject
Project("{FAE04EC0-301F-11D3-BF4B-00C04F79EFBC}") = "Confirmit.CATI.DialerInterface.3.2", "Confirmit.CATI.Telephony\OpenDialer\v.3.2\Confirmit.CATI.DialerInterface.3.2\Confirmit.CATI.DialerInterface.3.2.csproj", "{7625DD00-10D7-4CC0-8566-E2D49546D350}"
EndProject
Project("{FAE04EC0-301F-11D3-BF4B-00C04F79EFBC}") = "DialerCommon.3.2", "Confirmit.CATI.Telephony\OpenDialer\v.3.2\DialerCommon\DialerCommon.3.2.csproj", "{832E0087-67FA-4798-9A01-A4B4A9099410}"
EndProject
Project("{FAE04EC0-301F-11D3-BF4B-00C04F79EFBC}") = "Confirmit.CATI.Telephony.DialerService", "Confirmit.CATI.Telephony\OpenDialer\v.3.2\DialerService\Confirmit.CATI.Telephony.DialerService.csproj", "{82A01467-CE83-42D9-942F-A9B4D8EDB2E6}"
EndProject
Project("{FAE04EC0-301F-11D3-BF4B-00C04F79EFBC}") = "Confirmit.CATI.Telephony.DialerService.3.2.Contract", "Confirmit.CATI.Telephony\OpenDialer\v.3.2\DialerService.Contract\Confirmit.CATI.Telephony.DialerService.3.2.Contract.csproj", "{B71E77B1-F497-464E-BE2B-33A8C1BB7762}"
EndProject
Project("{FAE04EC0-301F-11D3-BF4B-00C04F79EFBC}") = "_BuildProject", "_BuildProject\_BuildProject.csproj", "{70CEEF1F-BD71-4392-B73F-BD35BD24403D}"
EndProject
Project("{FAE04EC0-301F-11D3-BF4B-00C04F79EFBC}") = "Confirmit.CATI.Common", "Confirmit.CATI.Common\Confirmit.CATI.Common.csproj", "{459566A0-55F5-4B03-BCD9-1DB63B55D575}"
	ProjectSection(ProjectDependencies) = postProject
		{70CEEF1F-BD71-4392-B73F-BD35BD24403D} = {70CEEF1F-BD71-4392-B73F-BD35BD24403D}
	EndProjectSection
EndProject
Project("{FAE04EC0-301F-11D3-BF4B-00C04F79EFBC}") = "ConfirmitDialerInterface", "Confirmit.CATI.Telephony\ConfirmitDialerInterface\ConfirmitDialerInterface.csproj", "{D68A6B1F-92BA-4305-B802-FF6B35D7A6D2}"
	ProjectSection(ProjectDependencies) = postProject
		{70CEEF1F-BD71-4392-B73F-BD35BD24403D} = {70CEEF1F-BD71-4392-B73F-BD35BD24403D}
	EndProjectSection
EndProject
Project("{FAE04EC0-301F-11D3-BF4B-00C04F79EFBC}") = "DialerCommon", "Confirmit.CATI.Telephony\CommonDialerAPI\DialerCommon\DialerCommon.csproj", "{8B02686A-CAA0-416C-BF94-BD28C7A61432}"
EndProject
Project("{FAE04EC0-301F-11D3-BF4B-00C04F79EFBC}") = "Confirmit.CATI.WindowsServiceTools", "Confirmit.CATI.WindowsServiceTools\Confirmit.CATI.WindowsServiceTools.csproj", "{6834FC44-562B-4393-9614-A926D3F2702D}"
EndProject
Project("{FAE04EC0-301F-11D3-BF4B-00C04F79EFBC}") = "Confirmit.CATI.Core", "Confirmit.CATI.Core\Confirmit.CATI.Core.csproj", "{EE2B1D20-65A3-4F8A-B79E-86E5B8DFC3DB}"
EndProject
Project("{2150E333-8FDC-42A3-9474-1A3956D46DE8}") = "Fakes", "Fakes", "{0568A34A-4700-4C76-8CD0-AACF9BC1E070}"
EndProject
Project("{FAE04EC0-301F-11D3-BF4B-00C04F79EFBC}") = "ConfirmitDialerInterface.Fakes", "NFakes\Generated\ConfirmitDialerInterface\ConfirmitDialerInterface.Fakes.csproj", "{616A3166-E491-06C2-0090-55302642AD96}"
EndProject
Project("{FAE04EC0-301F-11D3-BF4B-00C04F79EFBC}") = "DialerCommon.Fakes", "NFakes\Generated\DialerCommon\DialerCommon.Fakes.csproj", "{547590D6-2C71-CC7D-0DB3-873E658ACA13}"
EndProject
Project("{FAE04EC0-301F-11D3-BF4B-00C04F79EFBC}") = "Confirmit.Cati.Core.Fakes", "NFakes\Generated\Confirmit.Cati.Core\Confirmit.Cati.Core.Fakes.csproj", "{3296BE72-F1FC-1AC1-8A7C-0B96388600D6}"
EndProject
Project("{FAE04EC0-301F-11D3-BF4B-00C04F79EFBC}") = "Confirmit.Test.Common", "Confirmit.Test.Common\Confirmit.Test.Common.csproj", "{A8831F8A-03D5-4381-B0B2-50E83887DACD}"
EndProject
Project("{FAE04EC0-301F-11D3-BF4B-00C04F79EFBC}") = "Confirmit.Cati.Common.Fakes", "NFakes\Generated\Confirmit.Cati.Common\Confirmit.Cati.Common.Fakes.csproj", "{98C3662E-CE8C-8EFE-6E0F-BDB11F85BE1D}"
EndProject
Project("{2150E333-8FDC-42A3-9474-1A3956D46DE8}") = "CustomDialer", "CustomDialer", "{9150167F-3985-4291-BAAC-FC745B848C4F}"
EndProject
Project("{FAE04EC0-301F-11D3-BF4B-00C04F79EFBC}") = "CustomDialerDemo", "Confirmit.CATI.Telephony\CustomDialer\CustomDialerDemo\CustomDialerDemo.csproj", "{74093F57-182E-4009-AA40-12455DE04C00}"
	ProjectSection(ProjectDependencies) = postProject
		{73B2EBAB-D1D4-4373-B797-4699B51065DC} = {73B2EBAB-D1D4-4373-B797-4699B51065DC}
	EndProjectSection
EndProject
Project("{FAE04EC0-301F-11D3-BF4B-00C04F79EFBC}") = "Confirmit.CATI.Console.LightweightTelephony", "Confirmit.CATI.Telephony\CustomDialer\Confirmit.CATI.Console.LightweightTelephony\Confirmit.CATI.Console.LightweightTelephony.csproj", "{73B2EBAB-D1D4-4373-B797-4699B51065DC}"
EndProject
Project("{2150E333-8FDC-42A3-9474-1A3956D46DE8}") = "v.3.3", "v.3.3", "{BE3CB0C5-89A1-4FDD-8638-DD74A11A45BA}"
EndProject
Project("{FAE04EC0-301F-11D3-BF4B-00C04F79EFBC}") = "Confirmit.CATI.DialerInterface.3.3", "Confirmit.CATI.Telephony\OpenDialer\v.3.3\Confirmit.CATI.DialerInterface.3.3\Confirmit.CATI.DialerInterface.3.3.csproj", "{68EEE97D-E162-43F4-AFF9-C564680D7247}"
EndProject
Project("{FAE04EC0-301F-11D3-BF4B-00C04F79EFBC}") = "Confirmit.CATI.Telephony.DialerService", "Confirmit.CATI.Telephony\OpenDialer\v.3.3\DialerService\Confirmit.CATI.Telephony.DialerService.csproj", "{71837595-C2A9-4C59-8358-391767A6B33F}"
EndProject
Project("{FAE04EC0-301F-11D3-BF4B-00C04F79EFBC}") = "Confirmit.CATI.Telephony.DialerService.3.3.Contract", "Confirmit.CATI.Telephony\OpenDialer\v.3.3\DialerService.Contract\Confirmit.CATI.Telephony.DialerService.3.3.Contract.csproj", "{6CFCF17B-5925-4D80-8543-F30844973308}"
EndProject
Project("{FAE04EC0-301F-11D3-BF4B-00C04F79EFBC}") = "DialerCommon.3.3", "Confirmit.CATI.Telephony\OpenDialer\v.3.3\DialerCommon\DialerCommon.3.3.csproj", "{2B20E37F-AC66-45A7-8732-79A3129138F0}"
EndProject
Project("{FAE04EC0-301F-11D3-BF4B-00C04F79EFBC}") = "ConfirmitDialerInterface.UnitTests", "Confirmit.CATI.Telephony\ConfirmitDialerInterface.UnitTests\ConfirmitDialerInterface.UnitTests.csproj", "{523A00AF-4B13-420E-B620-75300A7D5942}"
EndProject
Project("{FAE04EC0-301F-11D3-BF4B-00C04F79EFBC}") = "DialerCommon.UnitTests", "Confirmit.CATI.Telephony\CommonDialerAPI\DialerCommon.UnitTests\DialerCommon.UnitTests.csproj", "{4EFEB1A2-CC27-4C62-A838-3AA2163D59FF}"
EndProject
Project("{2150E333-8FDC-42A3-9474-1A3956D46DE8}") = "v.3.4", "v.3.4", "{6345351C-0A10-4713-9012-170E26544AD9}"
EndProject
Project("{FAE04EC0-301F-11D3-BF4B-00C04F79EFBC}") = "Confirmit.CATI.DialerInterface.3.4", "Confirmit.CATI.Telephony\OpenDialer\v.3.4\Confirmit.CATI.DialerInterface.3.4\Confirmit.CATI.DialerInterface.3.4.csproj", "{01B9EC14-60A8-427B-A359-0E7BB0779A61}"
EndProject
Project("{FAE04EC0-301F-11D3-BF4B-00C04F79EFBC}") = "DialerCommon.3.4", "Confirmit.CATI.Telephony\OpenDialer\v.3.4\DialerCommon\DialerCommon.3.4.csproj", "{341EF70F-EC29-4223-ADF8-2AB3FADD6CBB}"
EndProject
Project("{FAE04EC0-301F-11D3-BF4B-00C04F79EFBC}") = "Confirmit.CATI.Telephony.DialerService", "Confirmit.CATI.Telephony\OpenDialer\v.3.4\DialerService\Confirmit.CATI.Telephony.DialerService.csproj", "{6251040D-31F9-4B4C-BB31-C1EF0CE4357F}"
EndProject
Project("{FAE04EC0-301F-11D3-BF4B-00C04F79EFBC}") = "Confirmit.CATI.Telephony.DialerService.3.4.Contract", "Confirmit.CATI.Telephony\OpenDialer\v.3.4\DialerService.Contract\Confirmit.CATI.Telephony.DialerService.3.4.Contract.csproj", "{AE28CEF6-F176-4C06-AC5B-6F73A79F1189}"
EndProject
Project("{2150E333-8FDC-42A3-9474-1A3956D46DE8}") = "v.3.5", "v.3.5", "{2FCC1B45-9D69-4238-AD8B-B79DEB5D0969}"
EndProject
Project("{FAE04EC0-301F-11D3-BF4B-00C04F79EFBC}") = "Confirmit.CATI.DialerInterface.3.5", "Confirmit.CATI.Telephony\OpenDialer\v.3.5\Confirmit.CATI.DialerInterface.3.5\Confirmit.CATI.DialerInterface.3.5.csproj", "{5E2D1B7A-C2D1-4FC1-B5FD-A677217114CD}"
EndProject
Project("{FAE04EC0-301F-11D3-BF4B-00C04F79EFBC}") = "DialerCommon.3.5", "Confirmit.CATI.Telephony\OpenDialer\v.3.5\DialerCommon\DialerCommon.3.5.csproj", "{3E02FD62-78A1-4A7C-B26D-BAAB31AA1420}"
EndProject
Project("{FAE04EC0-301F-11D3-BF4B-00C04F79EFBC}") = "Confirmit.CATI.Telephony.DialerService", "Confirmit.CATI.Telephony\OpenDialer\v.3.5\DialerService\Confirmit.CATI.Telephony.DialerService.csproj", "{98269DDC-CF41-415D-949B-EAE07100C5F9}"
EndProject
Project("{FAE04EC0-301F-11D3-BF4B-00C04F79EFBC}") = "Confirmit.CATI.Telephony.DialerService.3.5.Contract", "Confirmit.CATI.Telephony\OpenDialer\v.3.5\DialerService.Contract\Confirmit.CATI.Telephony.DialerService.3.5.Contract.csproj", "{3E7C6384-1F49-40C6-8064-9BD8D01DF368}"
EndProject
Project("{2150E333-8FDC-42A3-9474-1A3956D46DE8}") = "v.3.6", "v.3.6", "{3A5CE9E4-F3F7-45C7-9910-50FD7698A11E}"
EndProject
Project("{FAE04EC0-301F-11D3-BF4B-00C04F79EFBC}") = "Confirmit.CATI.DialerInterface.3.6", "Confirmit.CATI.Telephony\OpenDialer\v.3.6\Confirmit.CATI.DialerInterface.3.6\Confirmit.CATI.DialerInterface.3.6.csproj", "{7E39CAA8-E0E3-430C-95DA-02E9A4025EB1}"
EndProject
Project("{FAE04EC0-301F-11D3-BF4B-00C04F79EFBC}") = "DialerCommon.3.6", "Confirmit.CATI.Telephony\OpenDialer\v.3.6\DialerCommon\DialerCommon.3.6.csproj", "{71557576-1F1B-40F1-815F-72D7756D5B17}"
EndProject
Project("{FAE04EC0-301F-11D3-BF4B-00C04F79EFBC}") = "Confirmit.CATI.Telephony.DialerService", "Confirmit.CATI.Telephony\OpenDialer\v.3.6\DialerService\Confirmit.CATI.Telephony.DialerService.csproj", "{190A3011-BDD3-445E-84A4-4C5A2702372C}"
EndProject
Project("{FAE04EC0-301F-11D3-BF4B-00C04F79EFBC}") = "Confirmit.CATI.Telephony.DialerService.3.6.Contract", "Confirmit.CATI.Telephony\OpenDialer\v.3.6\DialerService.Contract\Confirmit.CATI.Telephony.DialerService.3.6.Contract.csproj", "{679061DC-842D-4375-AF5E-2B0B0D80C763}"
EndProject
Project("{2150E333-8FDC-42A3-9474-1A3956D46DE8}") = "v.3.7", "v.3.7", "{47D02BCF-DFB3-4BC5-8BF9-6B34E4E220E9}"
EndProject
Project("{FAE04EC0-301F-11D3-BF4B-00C04F79EFBC}") = "Confirmit.CATI.DialerInterface.3.7", "Confirmit.CATI.Telephony\OpenDialer\v.3.7\Confirmit.CATI.DialerInterface.3.7\Confirmit.CATI.DialerInterface.3.7.csproj", "{2076CC68-0DAB-46F1-811D-64E0D783C497}"
EndProject
Project("{FAE04EC0-301F-11D3-BF4B-00C04F79EFBC}") = "DialerCommon.3.7", "Confirmit.CATI.Telephony\OpenDialer\v.3.7\DialerCommon\DialerCommon.3.7.csproj", "{7CA6C6B1-1595-462D-B014-5EA9231A13D9}"
EndProject
Project("{FAE04EC0-301F-11D3-BF4B-00C04F79EFBC}") = "Confirmit.CATI.Telephony.DialerService", "Confirmit.CATI.Telephony\OpenDialer\v.3.7\DialerService\Confirmit.CATI.Telephony.DialerService.csproj", "{DCF647E7-A81A-44D5-95C8-D945072A0AE6}"
EndProject
Project("{FAE04EC0-301F-11D3-BF4B-00C04F79EFBC}") = "Confirmit.CATI.Telephony.DialerService.3.7.Contract", "Confirmit.CATI.Telephony\OpenDialer\v.3.7\DialerService.Contract\Confirmit.CATI.Telephony.DialerService.3.7.Contract.csproj", "{5BBADECD-63B6-457F-BD36-EA3131F9C22A}"
EndProject
Project("{FAE04EC0-301F-11D3-BF4B-00C04F79EFBC}") = "AwsConnectDialerWS", "Confirmit.CATI.Telephony\AwsConnectDialerWS\AwsConnectDialerWS.csproj", "{B23FD68B-C4A4-408F-B81E-CB5B33ADFFA7}"
EndProject
Global
	GlobalSection(SolutionConfigurationPlatforms) = preSolution
		Debug|Any CPU = Debug|Any CPU
		Debug|Mixed Platforms = Debug|Mixed Platforms
		Debug|Win32 = Debug|Win32
		Debug|x86 = Debug|x86
		Release|Any CPU = Release|Any CPU
		Release|Mixed Platforms = Release|Mixed Platforms
		Release|Win32 = Release|Win32
		Release|x86 = Release|x86
	EndGlobalSection
	GlobalSection(ProjectConfigurationPlatforms) = postSolution
		{910ADC71-3BDF-4F2B-9A00-43AA50030BE6}.Debug|Any CPU.ActiveCfg = Debug|Any CPU
		{910ADC71-3BDF-4F2B-9A00-43AA50030BE6}.Debug|Any CPU.Build.0 = Debug|Any CPU
		{910ADC71-3BDF-4F2B-9A00-43AA50030BE6}.Debug|Mixed Platforms.ActiveCfg = Debug|Any CPU
		{910ADC71-3BDF-4F2B-9A00-43AA50030BE6}.Debug|Mixed Platforms.Build.0 = Debug|Any CPU
		{910ADC71-3BDF-4F2B-9A00-43AA50030BE6}.Debug|Win32.ActiveCfg = Debug|Any CPU
		{910ADC71-3BDF-4F2B-9A00-43AA50030BE6}.Debug|x86.ActiveCfg = Debug|Any CPU
		{910ADC71-3BDF-4F2B-9A00-43AA50030BE6}.Release|Any CPU.ActiveCfg = Release|Any CPU
		{910ADC71-3BDF-4F2B-9A00-43AA50030BE6}.Release|Any CPU.Build.0 = Release|Any CPU
		{910ADC71-3BDF-4F2B-9A00-43AA50030BE6}.Release|Mixed Platforms.ActiveCfg = Release|Any CPU
		{910ADC71-3BDF-4F2B-9A00-43AA50030BE6}.Release|Mixed Platforms.Build.0 = Release|Any CPU
		{910ADC71-3BDF-4F2B-9A00-43AA50030BE6}.Release|Win32.ActiveCfg = Release|Any CPU
		{910ADC71-3BDF-4F2B-9A00-43AA50030BE6}.Release|x86.ActiveCfg = Release|Any CPU
		{2426566C-7CB2-47AE-BF97-2DC53539653A}.Debug|Any CPU.ActiveCfg = Debug|Any CPU
		{2426566C-7CB2-47AE-BF97-2DC53539653A}.Debug|Any CPU.Build.0 = Debug|Any CPU
		{2426566C-7CB2-47AE-BF97-2DC53539653A}.Debug|Mixed Platforms.ActiveCfg = Debug|Any CPU
		{2426566C-7CB2-47AE-BF97-2DC53539653A}.Debug|Mixed Platforms.Build.0 = Debug|Any CPU
		{2426566C-7CB2-47AE-BF97-2DC53539653A}.Debug|Win32.ActiveCfg = Debug|Any CPU
		{2426566C-7CB2-47AE-BF97-2DC53539653A}.Debug|x86.ActiveCfg = Debug|Any CPU
		{2426566C-7CB2-47AE-BF97-2DC53539653A}.Release|Any CPU.ActiveCfg = Release|Any CPU
		{2426566C-7CB2-47AE-BF97-2DC53539653A}.Release|Any CPU.Build.0 = Release|Any CPU
		{2426566C-7CB2-47AE-BF97-2DC53539653A}.Release|Mixed Platforms.ActiveCfg = Release|Any CPU
		{2426566C-7CB2-47AE-BF97-2DC53539653A}.Release|Mixed Platforms.Build.0 = Release|Any CPU
		{2426566C-7CB2-47AE-BF97-2DC53539653A}.Release|Win32.ActiveCfg = Release|Any CPU
		{2426566C-7CB2-47AE-BF97-2DC53539653A}.Release|x86.ActiveCfg = Release|Any CPU
		{D587D922-60EF-4AB7-8EE5-8324772F90CA}.Debug|Any CPU.ActiveCfg = Debug|Any CPU
		{D587D922-60EF-4AB7-8EE5-8324772F90CA}.Debug|Any CPU.Build.0 = Debug|Any CPU
		{D587D922-60EF-4AB7-8EE5-8324772F90CA}.Debug|Mixed Platforms.ActiveCfg = Debug|Any CPU
		{D587D922-60EF-4AB7-8EE5-8324772F90CA}.Debug|Mixed Platforms.Build.0 = Debug|Any CPU
		{D587D922-60EF-4AB7-8EE5-8324772F90CA}.Debug|Win32.ActiveCfg = Debug|Any CPU
		{D587D922-60EF-4AB7-8EE5-8324772F90CA}.Debug|x86.ActiveCfg = Debug|Any CPU
		{D587D922-60EF-4AB7-8EE5-8324772F90CA}.Release|Any CPU.ActiveCfg = Release|Any CPU
		{D587D922-60EF-4AB7-8EE5-8324772F90CA}.Release|Any CPU.Build.0 = Release|Any CPU
		{D587D922-60EF-4AB7-8EE5-8324772F90CA}.Release|Mixed Platforms.ActiveCfg = Release|Any CPU
		{D587D922-60EF-4AB7-8EE5-8324772F90CA}.Release|Mixed Platforms.Build.0 = Release|Any CPU
		{D587D922-60EF-4AB7-8EE5-8324772F90CA}.Release|Win32.ActiveCfg = Release|Any CPU
		{D587D922-60EF-4AB7-8EE5-8324772F90CA}.Release|x86.ActiveCfg = Release|Any CPU
		{84C944D1-3981-49D5-BFBE-D4D4C1A7F7F7}.Debug|Any CPU.ActiveCfg = Debug|Any CPU
		{84C944D1-3981-49D5-BFBE-D4D4C1A7F7F7}.Debug|Any CPU.Build.0 = Debug|Any CPU
		{84C944D1-3981-49D5-BFBE-D4D4C1A7F7F7}.Debug|Mixed Platforms.ActiveCfg = Debug|Any CPU
		{84C944D1-3981-49D5-BFBE-D4D4C1A7F7F7}.Debug|Mixed Platforms.Build.0 = Debug|Any CPU
		{84C944D1-3981-49D5-BFBE-D4D4C1A7F7F7}.Debug|Win32.ActiveCfg = Debug|Any CPU
		{84C944D1-3981-49D5-BFBE-D4D4C1A7F7F7}.Debug|x86.ActiveCfg = Debug|Any CPU
		{84C944D1-3981-49D5-BFBE-D4D4C1A7F7F7}.Release|Any CPU.ActiveCfg = Release|Any CPU
		{84C944D1-3981-49D5-BFBE-D4D4C1A7F7F7}.Release|Any CPU.Build.0 = Release|Any CPU
		{84C944D1-3981-49D5-BFBE-D4D4C1A7F7F7}.Release|Mixed Platforms.ActiveCfg = Release|Any CPU
		{84C944D1-3981-49D5-BFBE-D4D4C1A7F7F7}.Release|Mixed Platforms.Build.0 = Release|Any CPU
		{84C944D1-3981-49D5-BFBE-D4D4C1A7F7F7}.Release|Win32.ActiveCfg = Release|Any CPU
		{84C944D1-3981-49D5-BFBE-D4D4C1A7F7F7}.Release|x86.ActiveCfg = Release|Any CPU
		{33D7F089-E5AB-47E5-AEAD-16A029C25A6C}.Debug|Any CPU.ActiveCfg = Debug|Any CPU
		{33D7F089-E5AB-47E5-AEAD-16A029C25A6C}.Debug|Any CPU.Build.0 = Debug|Any CPU
		{33D7F089-E5AB-47E5-AEAD-16A029C25A6C}.Debug|Mixed Platforms.ActiveCfg = Debug|Any CPU
		{33D7F089-E5AB-47E5-AEAD-16A029C25A6C}.Debug|Mixed Platforms.Build.0 = Debug|Any CPU
		{33D7F089-E5AB-47E5-AEAD-16A029C25A6C}.Debug|Win32.ActiveCfg = Debug|Any CPU
		{33D7F089-E5AB-47E5-AEAD-16A029C25A6C}.Debug|x86.ActiveCfg = Debug|Any CPU
		{33D7F089-E5AB-47E5-AEAD-16A029C25A6C}.Release|Any CPU.ActiveCfg = Release|Any CPU
		{33D7F089-E5AB-47E5-AEAD-16A029C25A6C}.Release|Any CPU.Build.0 = Release|Any CPU
		{33D7F089-E5AB-47E5-AEAD-16A029C25A6C}.Release|Mixed Platforms.ActiveCfg = Release|Any CPU
		{33D7F089-E5AB-47E5-AEAD-16A029C25A6C}.Release|Mixed Platforms.Build.0 = Release|Any CPU
		{33D7F089-E5AB-47E5-AEAD-16A029C25A6C}.Release|Win32.ActiveCfg = Release|Any CPU
		{33D7F089-E5AB-47E5-AEAD-16A029C25A6C}.Release|x86.ActiveCfg = Release|Any CPU
		{83E06700-3ED3-45FC-891A-E494862E79E3}.Debug|Any CPU.ActiveCfg = Debug|Any CPU
		{83E06700-3ED3-45FC-891A-E494862E79E3}.Debug|Any CPU.Build.0 = Debug|Any CPU
		{83E06700-3ED3-45FC-891A-E494862E79E3}.Debug|Mixed Platforms.ActiveCfg = Debug|Any CPU
		{83E06700-3ED3-45FC-891A-E494862E79E3}.Debug|Mixed Platforms.Build.0 = Debug|Any CPU
		{83E06700-3ED3-45FC-891A-E494862E79E3}.Debug|Win32.ActiveCfg = Debug|Any CPU
		{83E06700-3ED3-45FC-891A-E494862E79E3}.Debug|x86.ActiveCfg = Debug|Any CPU
		{83E06700-3ED3-45FC-891A-E494862E79E3}.Release|Any CPU.ActiveCfg = Release|Any CPU
		{83E06700-3ED3-45FC-891A-E494862E79E3}.Release|Any CPU.Build.0 = Release|Any CPU
		{83E06700-3ED3-45FC-891A-E494862E79E3}.Release|Mixed Platforms.ActiveCfg = Release|Any CPU
		{83E06700-3ED3-45FC-891A-E494862E79E3}.Release|Mixed Platforms.Build.0 = Release|Any CPU
		{83E06700-3ED3-45FC-891A-E494862E79E3}.Release|Win32.ActiveCfg = Release|Any CPU
		{83E06700-3ED3-45FC-891A-E494862E79E3}.Release|x86.ActiveCfg = Release|Any CPU
		{5F289853-8072-496A-85C6-B5C9DD1DACC1}.Debug|Any CPU.ActiveCfg = Debug|Any CPU
		{5F289853-8072-496A-85C6-B5C9DD1DACC1}.Debug|Any CPU.Build.0 = Debug|Any CPU
		{5F289853-8072-496A-85C6-B5C9DD1DACC1}.Debug|Mixed Platforms.ActiveCfg = Debug|Any CPU
		{5F289853-8072-496A-85C6-B5C9DD1DACC1}.Debug|Mixed Platforms.Build.0 = Debug|Any CPU
		{5F289853-8072-496A-85C6-B5C9DD1DACC1}.Debug|Win32.ActiveCfg = Debug|Any CPU
		{5F289853-8072-496A-85C6-B5C9DD1DACC1}.Debug|x86.ActiveCfg = Debug|Any CPU
		{5F289853-8072-496A-85C6-B5C9DD1DACC1}.Release|Any CPU.ActiveCfg = Release|Any CPU
		{5F289853-8072-496A-85C6-B5C9DD1DACC1}.Release|Any CPU.Build.0 = Release|Any CPU
		{5F289853-8072-496A-85C6-B5C9DD1DACC1}.Release|Mixed Platforms.ActiveCfg = Release|Any CPU
		{5F289853-8072-496A-85C6-B5C9DD1DACC1}.Release|Mixed Platforms.Build.0 = Release|Any CPU
		{5F289853-8072-496A-85C6-B5C9DD1DACC1}.Release|Win32.ActiveCfg = Release|Any CPU
		{5F289853-8072-496A-85C6-B5C9DD1DACC1}.Release|x86.ActiveCfg = Release|Any CPU
		{B8E3884D-1196-40CF-8259-268BE99814C5}.Debug|Any CPU.ActiveCfg = Debug|Any CPU
		{B8E3884D-1196-40CF-8259-268BE99814C5}.Debug|Any CPU.Build.0 = Debug|Any CPU
		{B8E3884D-1196-40CF-8259-268BE99814C5}.Debug|Mixed Platforms.ActiveCfg = Debug|Any CPU
		{B8E3884D-1196-40CF-8259-268BE99814C5}.Debug|Mixed Platforms.Build.0 = Debug|Any CPU
		{B8E3884D-1196-40CF-8259-268BE99814C5}.Debug|Win32.ActiveCfg = Debug|Any CPU
		{B8E3884D-1196-40CF-8259-268BE99814C5}.Debug|x86.ActiveCfg = Debug|Any CPU
		{B8E3884D-1196-40CF-8259-268BE99814C5}.Release|Any CPU.ActiveCfg = Release|Any CPU
		{B8E3884D-1196-40CF-8259-268BE99814C5}.Release|Any CPU.Build.0 = Release|Any CPU
		{B8E3884D-1196-40CF-8259-268BE99814C5}.Release|Mixed Platforms.ActiveCfg = Release|Any CPU
		{B8E3884D-1196-40CF-8259-268BE99814C5}.Release|Mixed Platforms.Build.0 = Release|Any CPU
		{B8E3884D-1196-40CF-8259-268BE99814C5}.Release|Win32.ActiveCfg = Release|Any CPU
		{B8E3884D-1196-40CF-8259-268BE99814C5}.Release|x86.ActiveCfg = Release|Any CPU
		{33F588FA-DB7D-46BB-8CCA-36ACEEBE0EB1}.Debug|Any CPU.ActiveCfg = Debug|Any CPU
		{33F588FA-DB7D-46BB-8CCA-36ACEEBE0EB1}.Debug|Any CPU.Build.0 = Debug|Any CPU
		{33F588FA-DB7D-46BB-8CCA-36ACEEBE0EB1}.Debug|Mixed Platforms.ActiveCfg = Debug|Any CPU
		{33F588FA-DB7D-46BB-8CCA-36ACEEBE0EB1}.Debug|Mixed Platforms.Build.0 = Debug|Any CPU
		{33F588FA-DB7D-46BB-8CCA-36ACEEBE0EB1}.Debug|Win32.ActiveCfg = Debug|Any CPU
		{33F588FA-DB7D-46BB-8CCA-36ACEEBE0EB1}.Debug|x86.ActiveCfg = Debug|Any CPU
		{33F588FA-DB7D-46BB-8CCA-36ACEEBE0EB1}.Release|Any CPU.ActiveCfg = Release|Any CPU
		{33F588FA-DB7D-46BB-8CCA-36ACEEBE0EB1}.Release|Any CPU.Build.0 = Release|Any CPU
		{33F588FA-DB7D-46BB-8CCA-36ACEEBE0EB1}.Release|Mixed Platforms.ActiveCfg = Release|Any CPU
		{33F588FA-DB7D-46BB-8CCA-36ACEEBE0EB1}.Release|Mixed Platforms.Build.0 = Release|Any CPU
		{33F588FA-DB7D-46BB-8CCA-36ACEEBE0EB1}.Release|Win32.ActiveCfg = Release|Any CPU
		{33F588FA-DB7D-46BB-8CCA-36ACEEBE0EB1}.Release|x86.ActiveCfg = Release|Any CPU
		{A88BDD28-CCD4-4A28-932B-F73DDE02840E}.Debug|Any CPU.ActiveCfg = Debug|Any CPU
		{A88BDD28-CCD4-4A28-932B-F73DDE02840E}.Debug|Any CPU.Build.0 = Debug|Any CPU
		{A88BDD28-CCD4-4A28-932B-F73DDE02840E}.Debug|Mixed Platforms.ActiveCfg = Debug|Any CPU
		{A88BDD28-CCD4-4A28-932B-F73DDE02840E}.Debug|Mixed Platforms.Build.0 = Debug|Any CPU
		{A88BDD28-CCD4-4A28-932B-F73DDE02840E}.Debug|Win32.ActiveCfg = Debug|Any CPU
		{A88BDD28-CCD4-4A28-932B-F73DDE02840E}.Debug|x86.ActiveCfg = Debug|Any CPU
		{A88BDD28-CCD4-4A28-932B-F73DDE02840E}.Release|Any CPU.ActiveCfg = Release|Any CPU
		{A88BDD28-CCD4-4A28-932B-F73DDE02840E}.Release|Any CPU.Build.0 = Release|Any CPU
		{A88BDD28-CCD4-4A28-932B-F73DDE02840E}.Release|Mixed Platforms.ActiveCfg = Release|Any CPU
		{A88BDD28-CCD4-4A28-932B-F73DDE02840E}.Release|Mixed Platforms.Build.0 = Release|Any CPU
		{A88BDD28-CCD4-4A28-932B-F73DDE02840E}.Release|Win32.ActiveCfg = Release|Any CPU
		{A88BDD28-CCD4-4A28-932B-F73DDE02840E}.Release|x86.ActiveCfg = Release|Any CPU
		{CF4E2212-57ED-4998-A0DD-24F15A3C6185}.Debug|Any CPU.ActiveCfg = Debug|Any CPU
		{CF4E2212-57ED-4998-A0DD-24F15A3C6185}.Debug|Any CPU.Build.0 = Debug|Any CPU
		{CF4E2212-57ED-4998-A0DD-24F15A3C6185}.Debug|Mixed Platforms.ActiveCfg = Debug|Any CPU
		{CF4E2212-57ED-4998-A0DD-24F15A3C6185}.Debug|Mixed Platforms.Build.0 = Debug|Any CPU
		{CF4E2212-57ED-4998-A0DD-24F15A3C6185}.Debug|Win32.ActiveCfg = Debug|Any CPU
		{CF4E2212-57ED-4998-A0DD-24F15A3C6185}.Debug|x86.ActiveCfg = Debug|Any CPU
		{CF4E2212-57ED-4998-A0DD-24F15A3C6185}.Release|Any CPU.ActiveCfg = Release|Any CPU
		{CF4E2212-57ED-4998-A0DD-24F15A3C6185}.Release|Any CPU.Build.0 = Release|Any CPU
		{CF4E2212-57ED-4998-A0DD-24F15A3C6185}.Release|Mixed Platforms.ActiveCfg = Release|Any CPU
		{CF4E2212-57ED-4998-A0DD-24F15A3C6185}.Release|Mixed Platforms.Build.0 = Release|Any CPU
		{CF4E2212-57ED-4998-A0DD-24F15A3C6185}.Release|Win32.ActiveCfg = Release|Any CPU
		{CF4E2212-57ED-4998-A0DD-24F15A3C6185}.Release|x86.ActiveCfg = Release|Any CPU
		{48DE715B-1501-4202-A3E4-17045AB5F9D3}.Debug|Any CPU.ActiveCfg = Debug|Any CPU
		{48DE715B-1501-4202-A3E4-17045AB5F9D3}.Debug|Any CPU.Build.0 = Debug|Any CPU
		{48DE715B-1501-4202-A3E4-17045AB5F9D3}.Debug|Mixed Platforms.ActiveCfg = Debug|Any CPU
		{48DE715B-1501-4202-A3E4-17045AB5F9D3}.Debug|Mixed Platforms.Build.0 = Debug|Any CPU
		{48DE715B-1501-4202-A3E4-17045AB5F9D3}.Debug|Win32.ActiveCfg = Debug|Any CPU
		{48DE715B-1501-4202-A3E4-17045AB5F9D3}.Debug|x86.ActiveCfg = Debug|Any CPU
		{48DE715B-1501-4202-A3E4-17045AB5F9D3}.Release|Any CPU.ActiveCfg = Release|Any CPU
		{48DE715B-1501-4202-A3E4-17045AB5F9D3}.Release|Any CPU.Build.0 = Release|Any CPU
		{48DE715B-1501-4202-A3E4-17045AB5F9D3}.Release|Mixed Platforms.ActiveCfg = Release|Any CPU
		{48DE715B-1501-4202-A3E4-17045AB5F9D3}.Release|Mixed Platforms.Build.0 = Release|Any CPU
		{48DE715B-1501-4202-A3E4-17045AB5F9D3}.Release|Win32.ActiveCfg = Release|Any CPU
		{48DE715B-1501-4202-A3E4-17045AB5F9D3}.Release|x86.ActiveCfg = Release|Any CPU
		{08A919F9-5651-45A3-BFF3-1A80B6849E9C}.Debug|Any CPU.ActiveCfg = Debug|Any CPU
		{08A919F9-5651-45A3-BFF3-1A80B6849E9C}.Debug|Any CPU.Build.0 = Debug|Any CPU
		{08A919F9-5651-45A3-BFF3-1A80B6849E9C}.Debug|Mixed Platforms.ActiveCfg = Debug|Any CPU
		{08A919F9-5651-45A3-BFF3-1A80B6849E9C}.Debug|Mixed Platforms.Build.0 = Debug|Any CPU
		{08A919F9-5651-45A3-BFF3-1A80B6849E9C}.Debug|Win32.ActiveCfg = Debug|Any CPU
		{08A919F9-5651-45A3-BFF3-1A80B6849E9C}.Debug|x86.ActiveCfg = Debug|Any CPU
		{08A919F9-5651-45A3-BFF3-1A80B6849E9C}.Release|Any CPU.ActiveCfg = Release|Any CPU
		{08A919F9-5651-45A3-BFF3-1A80B6849E9C}.Release|Any CPU.Build.0 = Release|Any CPU
		{08A919F9-5651-45A3-BFF3-1A80B6849E9C}.Release|Mixed Platforms.ActiveCfg = Release|Any CPU
		{08A919F9-5651-45A3-BFF3-1A80B6849E9C}.Release|Mixed Platforms.Build.0 = Release|Any CPU
		{08A919F9-5651-45A3-BFF3-1A80B6849E9C}.Release|Win32.ActiveCfg = Release|Any CPU
		{08A919F9-5651-45A3-BFF3-1A80B6849E9C}.Release|x86.ActiveCfg = Release|Any CPU
		{5C3EFC3B-E56C-4C7D-BA3B-DF34DC75CA6B}.Debug|Any CPU.ActiveCfg = Debug|Any CPU
		{5C3EFC3B-E56C-4C7D-BA3B-DF34DC75CA6B}.Debug|Any CPU.Build.0 = Debug|Any CPU
		{5C3EFC3B-E56C-4C7D-BA3B-DF34DC75CA6B}.Debug|Mixed Platforms.ActiveCfg = Debug|Any CPU
		{5C3EFC3B-E56C-4C7D-BA3B-DF34DC75CA6B}.Debug|Mixed Platforms.Build.0 = Debug|Any CPU
		{5C3EFC3B-E56C-4C7D-BA3B-DF34DC75CA6B}.Debug|Win32.ActiveCfg = Debug|Any CPU
		{5C3EFC3B-E56C-4C7D-BA3B-DF34DC75CA6B}.Debug|x86.ActiveCfg = Debug|Any CPU
		{5C3EFC3B-E56C-4C7D-BA3B-DF34DC75CA6B}.Release|Any CPU.ActiveCfg = Release|Any CPU
		{5C3EFC3B-E56C-4C7D-BA3B-DF34DC75CA6B}.Release|Any CPU.Build.0 = Release|Any CPU
		{5C3EFC3B-E56C-4C7D-BA3B-DF34DC75CA6B}.Release|Mixed Platforms.ActiveCfg = Release|Any CPU
		{5C3EFC3B-E56C-4C7D-BA3B-DF34DC75CA6B}.Release|Mixed Platforms.Build.0 = Release|Any CPU
		{5C3EFC3B-E56C-4C7D-BA3B-DF34DC75CA6B}.Release|Win32.ActiveCfg = Release|Any CPU
		{5C3EFC3B-E56C-4C7D-BA3B-DF34DC75CA6B}.Release|x86.ActiveCfg = Release|Any CPU
		{9F16696C-7EE9-4F5F-B1B7-6111CED4D351}.Debug|Any CPU.ActiveCfg = Debug|Any CPU
		{9F16696C-7EE9-4F5F-B1B7-6111CED4D351}.Debug|Any CPU.Build.0 = Debug|Any CPU
		{9F16696C-7EE9-4F5F-B1B7-6111CED4D351}.Debug|Mixed Platforms.ActiveCfg = Debug|Any CPU
		{9F16696C-7EE9-4F5F-B1B7-6111CED4D351}.Debug|Mixed Platforms.Build.0 = Debug|Any CPU
		{9F16696C-7EE9-4F5F-B1B7-6111CED4D351}.Debug|Win32.ActiveCfg = Debug|Any CPU
		{9F16696C-7EE9-4F5F-B1B7-6111CED4D351}.Debug|x86.ActiveCfg = Debug|Any CPU
		{9F16696C-7EE9-4F5F-B1B7-6111CED4D351}.Release|Any CPU.ActiveCfg = Release|Any CPU
		{9F16696C-7EE9-4F5F-B1B7-6111CED4D351}.Release|Any CPU.Build.0 = Release|Any CPU
		{9F16696C-7EE9-4F5F-B1B7-6111CED4D351}.Release|Mixed Platforms.ActiveCfg = Release|Any CPU
		{9F16696C-7EE9-4F5F-B1B7-6111CED4D351}.Release|Mixed Platforms.Build.0 = Release|Any CPU
		{9F16696C-7EE9-4F5F-B1B7-6111CED4D351}.Release|Win32.ActiveCfg = Release|Any CPU
		{9F16696C-7EE9-4F5F-B1B7-6111CED4D351}.Release|x86.ActiveCfg = Release|Any CPU
		{C6DB63CA-1892-4E6C-A6F4-F3A71F2DFF24}.Debug|Any CPU.ActiveCfg = Debug|Any CPU
		{C6DB63CA-1892-4E6C-A6F4-F3A71F2DFF24}.Debug|Any CPU.Build.0 = Debug|Any CPU
		{C6DB63CA-1892-4E6C-A6F4-F3A71F2DFF24}.Debug|Mixed Platforms.ActiveCfg = Debug|Any CPU
		{C6DB63CA-1892-4E6C-A6F4-F3A71F2DFF24}.Debug|Mixed Platforms.Build.0 = Debug|Any CPU
		{C6DB63CA-1892-4E6C-A6F4-F3A71F2DFF24}.Debug|Win32.ActiveCfg = Debug|Any CPU
		{C6DB63CA-1892-4E6C-A6F4-F3A71F2DFF24}.Debug|x86.ActiveCfg = Debug|Any CPU
		{C6DB63CA-1892-4E6C-A6F4-F3A71F2DFF24}.Release|Any CPU.ActiveCfg = Release|Any CPU
		{C6DB63CA-1892-4E6C-A6F4-F3A71F2DFF24}.Release|Any CPU.Build.0 = Release|Any CPU
		{C6DB63CA-1892-4E6C-A6F4-F3A71F2DFF24}.Release|Mixed Platforms.ActiveCfg = Release|Any CPU
		{C6DB63CA-1892-4E6C-A6F4-F3A71F2DFF24}.Release|Mixed Platforms.Build.0 = Release|Any CPU
		{C6DB63CA-1892-4E6C-A6F4-F3A71F2DFF24}.Release|Win32.ActiveCfg = Release|Any CPU
		{C6DB63CA-1892-4E6C-A6F4-F3A71F2DFF24}.Release|x86.ActiveCfg = Release|Any CPU
		{7625DD00-10D7-4CC0-8566-E2D49546D350}.Debug|Any CPU.ActiveCfg = Debug|Any CPU
		{7625DD00-10D7-4CC0-8566-E2D49546D350}.Debug|Any CPU.Build.0 = Debug|Any CPU
		{7625DD00-10D7-4CC0-8566-E2D49546D350}.Debug|Mixed Platforms.ActiveCfg = Debug|Any CPU
		{7625DD00-10D7-4CC0-8566-E2D49546D350}.Debug|Mixed Platforms.Build.0 = Debug|Any CPU
		{7625DD00-10D7-4CC0-8566-E2D49546D350}.Debug|Win32.ActiveCfg = Debug|Any CPU
		{7625DD00-10D7-4CC0-8566-E2D49546D350}.Debug|x86.ActiveCfg = Debug|Any CPU
		{7625DD00-10D7-4CC0-8566-E2D49546D350}.Release|Any CPU.ActiveCfg = Release|Any CPU
		{7625DD00-10D7-4CC0-8566-E2D49546D350}.Release|Any CPU.Build.0 = Release|Any CPU
		{7625DD00-10D7-4CC0-8566-E2D49546D350}.Release|Mixed Platforms.ActiveCfg = Release|Any CPU
		{7625DD00-10D7-4CC0-8566-E2D49546D350}.Release|Mixed Platforms.Build.0 = Release|Any CPU
		{7625DD00-10D7-4CC0-8566-E2D49546D350}.Release|Win32.ActiveCfg = Release|Any CPU
		{7625DD00-10D7-4CC0-8566-E2D49546D350}.Release|x86.ActiveCfg = Release|Any CPU
		{832E0087-67FA-4798-9A01-A4B4A9099410}.Debug|Any CPU.ActiveCfg = Debug|Any CPU
		{832E0087-67FA-4798-9A01-A4B4A9099410}.Debug|Any CPU.Build.0 = Debug|Any CPU
		{832E0087-67FA-4798-9A01-A4B4A9099410}.Debug|Mixed Platforms.ActiveCfg = Debug|Any CPU
		{832E0087-67FA-4798-9A01-A4B4A9099410}.Debug|Mixed Platforms.Build.0 = Debug|Any CPU
		{832E0087-67FA-4798-9A01-A4B4A9099410}.Debug|Win32.ActiveCfg = Debug|Any CPU
		{832E0087-67FA-4798-9A01-A4B4A9099410}.Debug|x86.ActiveCfg = Debug|Any CPU
		{832E0087-67FA-4798-9A01-A4B4A9099410}.Release|Any CPU.ActiveCfg = Release|Any CPU
		{832E0087-67FA-4798-9A01-A4B4A9099410}.Release|Any CPU.Build.0 = Release|Any CPU
		{832E0087-67FA-4798-9A01-A4B4A9099410}.Release|Mixed Platforms.ActiveCfg = Release|Any CPU
		{832E0087-67FA-4798-9A01-A4B4A9099410}.Release|Mixed Platforms.Build.0 = Release|Any CPU
		{832E0087-67FA-4798-9A01-A4B4A9099410}.Release|Win32.ActiveCfg = Release|Any CPU
		{832E0087-67FA-4798-9A01-A4B4A9099410}.Release|x86.ActiveCfg = Release|Any CPU
		{82A01467-CE83-42D9-942F-A9B4D8EDB2E6}.Debug|Any CPU.ActiveCfg = Debug|Any CPU
		{82A01467-CE83-42D9-942F-A9B4D8EDB2E6}.Debug|Any CPU.Build.0 = Debug|Any CPU
		{82A01467-CE83-42D9-942F-A9B4D8EDB2E6}.Debug|Mixed Platforms.ActiveCfg = Debug|Any CPU
		{82A01467-CE83-42D9-942F-A9B4D8EDB2E6}.Debug|Mixed Platforms.Build.0 = Debug|Any CPU
		{82A01467-CE83-42D9-942F-A9B4D8EDB2E6}.Debug|Win32.ActiveCfg = Debug|Any CPU
		{82A01467-CE83-42D9-942F-A9B4D8EDB2E6}.Debug|x86.ActiveCfg = Debug|Any CPU
		{82A01467-CE83-42D9-942F-A9B4D8EDB2E6}.Release|Any CPU.ActiveCfg = Release|Any CPU
		{82A01467-CE83-42D9-942F-A9B4D8EDB2E6}.Release|Any CPU.Build.0 = Release|Any CPU
		{82A01467-CE83-42D9-942F-A9B4D8EDB2E6}.Release|Mixed Platforms.ActiveCfg = Release|Any CPU
		{82A01467-CE83-42D9-942F-A9B4D8EDB2E6}.Release|Mixed Platforms.Build.0 = Release|Any CPU
		{82A01467-CE83-42D9-942F-A9B4D8EDB2E6}.Release|Win32.ActiveCfg = Release|Any CPU
		{82A01467-CE83-42D9-942F-A9B4D8EDB2E6}.Release|x86.ActiveCfg = Release|Any CPU
		{B71E77B1-F497-464E-BE2B-33A8C1BB7762}.Debug|Any CPU.ActiveCfg = Debug|Any CPU
		{B71E77B1-F497-464E-BE2B-33A8C1BB7762}.Debug|Any CPU.Build.0 = Debug|Any CPU
		{B71E77B1-F497-464E-BE2B-33A8C1BB7762}.Debug|Mixed Platforms.ActiveCfg = Debug|Any CPU
		{B71E77B1-F497-464E-BE2B-33A8C1BB7762}.Debug|Mixed Platforms.Build.0 = Debug|Any CPU
		{B71E77B1-F497-464E-BE2B-33A8C1BB7762}.Debug|Win32.ActiveCfg = Debug|Any CPU
		{B71E77B1-F497-464E-BE2B-33A8C1BB7762}.Debug|x86.ActiveCfg = Debug|Any CPU
		{B71E77B1-F497-464E-BE2B-33A8C1BB7762}.Release|Any CPU.ActiveCfg = Release|Any CPU
		{B71E77B1-F497-464E-BE2B-33A8C1BB7762}.Release|Any CPU.Build.0 = Release|Any CPU
		{B71E77B1-F497-464E-BE2B-33A8C1BB7762}.Release|Mixed Platforms.ActiveCfg = Release|Any CPU
		{B71E77B1-F497-464E-BE2B-33A8C1BB7762}.Release|Mixed Platforms.Build.0 = Release|Any CPU
		{B71E77B1-F497-464E-BE2B-33A8C1BB7762}.Release|Win32.ActiveCfg = Release|Any CPU
		{B71E77B1-F497-464E-BE2B-33A8C1BB7762}.Release|x86.ActiveCfg = Release|Any CPU
		{70CEEF1F-BD71-4392-B73F-BD35BD24403D}.Debug|Any CPU.ActiveCfg = Debug|Any CPU
		{70CEEF1F-BD71-4392-B73F-BD35BD24403D}.Debug|Any CPU.Build.0 = Debug|Any CPU
		{70CEEF1F-BD71-4392-B73F-BD35BD24403D}.Debug|Mixed Platforms.ActiveCfg = Debug|Any CPU
		{70CEEF1F-BD71-4392-B73F-BD35BD24403D}.Debug|Mixed Platforms.Build.0 = Debug|Any CPU
		{70CEEF1F-BD71-4392-B73F-BD35BD24403D}.Debug|Win32.ActiveCfg = Debug|Any CPU
		{70CEEF1F-BD71-4392-B73F-BD35BD24403D}.Debug|x86.ActiveCfg = Debug|Any CPU
		{70CEEF1F-BD71-4392-B73F-BD35BD24403D}.Release|Any CPU.ActiveCfg = Release|Any CPU
		{70CEEF1F-BD71-4392-B73F-BD35BD24403D}.Release|Any CPU.Build.0 = Release|Any CPU
		{70CEEF1F-BD71-4392-B73F-BD35BD24403D}.Release|Mixed Platforms.ActiveCfg = Release|Any CPU
		{70CEEF1F-BD71-4392-B73F-BD35BD24403D}.Release|Mixed Platforms.Build.0 = Release|Any CPU
		{70CEEF1F-BD71-4392-B73F-BD35BD24403D}.Release|Win32.ActiveCfg = Release|Any CPU
		{70CEEF1F-BD71-4392-B73F-BD35BD24403D}.Release|x86.ActiveCfg = Release|Any CPU
		{459566A0-55F5-4B03-BCD9-1DB63B55D575}.Debug|Any CPU.ActiveCfg = Debug|Any CPU
		{459566A0-55F5-4B03-BCD9-1DB63B55D575}.Debug|Any CPU.Build.0 = Debug|Any CPU
		{459566A0-55F5-4B03-BCD9-1DB63B55D575}.Debug|Mixed Platforms.ActiveCfg = Debug|Any CPU
		{459566A0-55F5-4B03-BCD9-1DB63B55D575}.Debug|Mixed Platforms.Build.0 = Debug|Any CPU
		{459566A0-55F5-4B03-BCD9-1DB63B55D575}.Debug|Win32.ActiveCfg = Debug|Any CPU
		{459566A0-55F5-4B03-BCD9-1DB63B55D575}.Debug|x86.ActiveCfg = Debug|Any CPU
		{459566A0-55F5-4B03-BCD9-1DB63B55D575}.Release|Any CPU.ActiveCfg = Release|Any CPU
		{459566A0-55F5-4B03-BCD9-1DB63B55D575}.Release|Any CPU.Build.0 = Release|Any CPU
		{459566A0-55F5-4B03-BCD9-1DB63B55D575}.Release|Mixed Platforms.ActiveCfg = Release|Any CPU
		{459566A0-55F5-4B03-BCD9-1DB63B55D575}.Release|Mixed Platforms.Build.0 = Release|Any CPU
		{459566A0-55F5-4B03-BCD9-1DB63B55D575}.Release|Win32.ActiveCfg = Release|Any CPU
		{459566A0-55F5-4B03-BCD9-1DB63B55D575}.Release|x86.ActiveCfg = Release|Any CPU
		{D68A6B1F-92BA-4305-B802-FF6B35D7A6D2}.Debug|Any CPU.ActiveCfg = Debug|Any CPU
		{D68A6B1F-92BA-4305-B802-FF6B35D7A6D2}.Debug|Any CPU.Build.0 = Debug|Any CPU
		{D68A6B1F-92BA-4305-B802-FF6B35D7A6D2}.Debug|Mixed Platforms.ActiveCfg = Debug|Any CPU
		{D68A6B1F-92BA-4305-B802-FF6B35D7A6D2}.Debug|Mixed Platforms.Build.0 = Debug|Any CPU
		{D68A6B1F-92BA-4305-B802-FF6B35D7A6D2}.Debug|Win32.ActiveCfg = Debug|Any CPU
		{D68A6B1F-92BA-4305-B802-FF6B35D7A6D2}.Debug|x86.ActiveCfg = Debug|Any CPU
		{D68A6B1F-92BA-4305-B802-FF6B35D7A6D2}.Release|Any CPU.ActiveCfg = Release|Any CPU
		{D68A6B1F-92BA-4305-B802-FF6B35D7A6D2}.Release|Any CPU.Build.0 = Release|Any CPU
		{D68A6B1F-92BA-4305-B802-FF6B35D7A6D2}.Release|Mixed Platforms.ActiveCfg = Release|Any CPU
		{D68A6B1F-92BA-4305-B802-FF6B35D7A6D2}.Release|Mixed Platforms.Build.0 = Release|Any CPU
		{D68A6B1F-92BA-4305-B802-FF6B35D7A6D2}.Release|Win32.ActiveCfg = Release|Any CPU
		{D68A6B1F-92BA-4305-B802-FF6B35D7A6D2}.Release|x86.ActiveCfg = Release|Any CPU
		{8B02686A-CAA0-416C-BF94-BD28C7A61432}.Debug|Any CPU.ActiveCfg = Debug|Any CPU
		{8B02686A-CAA0-416C-BF94-BD28C7A61432}.Debug|Any CPU.Build.0 = Debug|Any CPU
		{8B02686A-CAA0-416C-BF94-BD28C7A61432}.Debug|Mixed Platforms.ActiveCfg = Debug|Any CPU
		{8B02686A-CAA0-416C-BF94-BD28C7A61432}.Debug|Mixed Platforms.Build.0 = Debug|Any CPU
		{8B02686A-CAA0-416C-BF94-BD28C7A61432}.Debug|Win32.ActiveCfg = Debug|Any CPU
		{8B02686A-CAA0-416C-BF94-BD28C7A61432}.Debug|x86.ActiveCfg = Debug|Any CPU
		{8B02686A-CAA0-416C-BF94-BD28C7A61432}.Release|Any CPU.ActiveCfg = Release|Any CPU
		{8B02686A-CAA0-416C-BF94-BD28C7A61432}.Release|Any CPU.Build.0 = Release|Any CPU
		{8B02686A-CAA0-416C-BF94-BD28C7A61432}.Release|Mixed Platforms.ActiveCfg = Release|Any CPU
		{8B02686A-CAA0-416C-BF94-BD28C7A61432}.Release|Mixed Platforms.Build.0 = Release|Any CPU
		{8B02686A-CAA0-416C-BF94-BD28C7A61432}.Release|Win32.ActiveCfg = Release|Any CPU
		{8B02686A-CAA0-416C-BF94-BD28C7A61432}.Release|x86.ActiveCfg = Release|Any CPU
		{6834FC44-562B-4393-9614-A926D3F2702D}.Debug|Any CPU.ActiveCfg = Debug|Any CPU
		{6834FC44-562B-4393-9614-A926D3F2702D}.Debug|Any CPU.Build.0 = Debug|Any CPU
		{6834FC44-562B-4393-9614-A926D3F2702D}.Debug|Mixed Platforms.ActiveCfg = Debug|x86
		{6834FC44-562B-4393-9614-A926D3F2702D}.Debug|Mixed Platforms.Build.0 = Debug|x86
		{6834FC44-562B-4393-9614-A926D3F2702D}.Debug|Win32.ActiveCfg = Debug|x86
		{6834FC44-562B-4393-9614-A926D3F2702D}.Debug|Win32.Build.0 = Debug|x86
		{6834FC44-562B-4393-9614-A926D3F2702D}.Debug|x86.ActiveCfg = Debug|x86
		{6834FC44-562B-4393-9614-A926D3F2702D}.Debug|x86.Build.0 = Debug|x86
		{6834FC44-562B-4393-9614-A926D3F2702D}.Release|Any CPU.ActiveCfg = Release|Any CPU
		{6834FC44-562B-4393-9614-A926D3F2702D}.Release|Any CPU.Build.0 = Release|Any CPU
		{6834FC44-562B-4393-9614-A926D3F2702D}.Release|Mixed Platforms.ActiveCfg = Release|x86
		{6834FC44-562B-4393-9614-A926D3F2702D}.Release|Mixed Platforms.Build.0 = Release|x86
		{6834FC44-562B-4393-9614-A926D3F2702D}.Release|Win32.ActiveCfg = Release|x86
		{6834FC44-562B-4393-9614-A926D3F2702D}.Release|Win32.Build.0 = Release|x86
		{6834FC44-562B-4393-9614-A926D3F2702D}.Release|x86.ActiveCfg = Release|x86
		{6834FC44-562B-4393-9614-A926D3F2702D}.Release|x86.Build.0 = Release|x86
		{EE2B1D20-65A3-4F8A-B79E-86E5B8DFC3DB}.Debug|Any CPU.ActiveCfg = Debug|Any CPU
		{EE2B1D20-65A3-4F8A-B79E-86E5B8DFC3DB}.Debug|Any CPU.Build.0 = Debug|Any CPU
		{EE2B1D20-65A3-4F8A-B79E-86E5B8DFC3DB}.Debug|Mixed Platforms.ActiveCfg = Debug|Any CPU
		{EE2B1D20-65A3-4F8A-B79E-86E5B8DFC3DB}.Debug|Mixed Platforms.Build.0 = Debug|Any CPU
		{EE2B1D20-65A3-4F8A-B79E-86E5B8DFC3DB}.Debug|Win32.ActiveCfg = Debug|Any CPU
		{EE2B1D20-65A3-4F8A-B79E-86E5B8DFC3DB}.Debug|x86.ActiveCfg = Debug|Any CPU
		{EE2B1D20-65A3-4F8A-B79E-86E5B8DFC3DB}.Release|Any CPU.ActiveCfg = Release|Any CPU
		{EE2B1D20-65A3-4F8A-B79E-86E5B8DFC3DB}.Release|Any CPU.Build.0 = Release|Any CPU
		{EE2B1D20-65A3-4F8A-B79E-86E5B8DFC3DB}.Release|Mixed Platforms.ActiveCfg = Release|Any CPU
		{EE2B1D20-65A3-4F8A-B79E-86E5B8DFC3DB}.Release|Mixed Platforms.Build.0 = Release|Any CPU
		{EE2B1D20-65A3-4F8A-B79E-86E5B8DFC3DB}.Release|Win32.ActiveCfg = Release|Any CPU
		{EE2B1D20-65A3-4F8A-B79E-86E5B8DFC3DB}.Release|x86.ActiveCfg = Release|Any CPU
		{616A3166-E491-06C2-0090-55302642AD96}.Debug|Any CPU.ActiveCfg = Debug|Any CPU
		{616A3166-E491-06C2-0090-55302642AD96}.Debug|Any CPU.Build.0 = Debug|Any CPU
		{616A3166-E491-06C2-0090-55302642AD96}.Debug|Mixed Platforms.ActiveCfg = Debug|Any CPU
		{616A3166-E491-06C2-0090-55302642AD96}.Debug|Mixed Platforms.Build.0 = Debug|Any CPU
		{616A3166-E491-06C2-0090-55302642AD96}.Debug|Win32.ActiveCfg = Debug|Any CPU
		{616A3166-E491-06C2-0090-55302642AD96}.Debug|x86.ActiveCfg = Debug|Any CPU
		{616A3166-E491-06C2-0090-55302642AD96}.Release|Any CPU.ActiveCfg = Debug|Any CPU
		{616A3166-E491-06C2-0090-55302642AD96}.Release|Any CPU.Build.0 = Debug|Any CPU
		{616A3166-E491-06C2-0090-55302642AD96}.Release|Mixed Platforms.ActiveCfg = Debug|Any CPU
		{616A3166-E491-06C2-0090-55302642AD96}.Release|Mixed Platforms.Build.0 = Debug|Any CPU
		{616A3166-E491-06C2-0090-55302642AD96}.Release|Win32.ActiveCfg = Debug|Any CPU
		{616A3166-E491-06C2-0090-55302642AD96}.Release|x86.ActiveCfg = Debug|Any CPU
		{547590D6-2C71-CC7D-0DB3-873E658ACA13}.Debug|Any CPU.ActiveCfg = Debug|Any CPU
		{547590D6-2C71-CC7D-0DB3-873E658ACA13}.Debug|Any CPU.Build.0 = Debug|Any CPU
		{547590D6-2C71-CC7D-0DB3-873E658ACA13}.Debug|Mixed Platforms.ActiveCfg = Debug|Any CPU
		{547590D6-2C71-CC7D-0DB3-873E658ACA13}.Debug|Mixed Platforms.Build.0 = Debug|Any CPU
		{547590D6-2C71-CC7D-0DB3-873E658ACA13}.Debug|Win32.ActiveCfg = Debug|Any CPU
		{547590D6-2C71-CC7D-0DB3-873E658ACA13}.Debug|x86.ActiveCfg = Debug|Any CPU
		{547590D6-2C71-CC7D-0DB3-873E658ACA13}.Release|Any CPU.ActiveCfg = Debug|Any CPU
		{547590D6-2C71-CC7D-0DB3-873E658ACA13}.Release|Any CPU.Build.0 = Debug|Any CPU
		{547590D6-2C71-CC7D-0DB3-873E658ACA13}.Release|Mixed Platforms.ActiveCfg = Debug|Any CPU
		{547590D6-2C71-CC7D-0DB3-873E658ACA13}.Release|Mixed Platforms.Build.0 = Debug|Any CPU
		{547590D6-2C71-CC7D-0DB3-873E658ACA13}.Release|Win32.ActiveCfg = Debug|Any CPU
		{547590D6-2C71-CC7D-0DB3-873E658ACA13}.Release|x86.ActiveCfg = Debug|Any CPU
		{3296BE72-F1FC-1AC1-8A7C-0B96388600D6}.Debug|Any CPU.ActiveCfg = Debug|Any CPU
		{3296BE72-F1FC-1AC1-8A7C-0B96388600D6}.Debug|Any CPU.Build.0 = Debug|Any CPU
		{3296BE72-F1FC-1AC1-8A7C-0B96388600D6}.Debug|Mixed Platforms.ActiveCfg = Debug|Any CPU
		{3296BE72-F1FC-1AC1-8A7C-0B96388600D6}.Debug|Mixed Platforms.Build.0 = Debug|Any CPU
		{3296BE72-F1FC-1AC1-8A7C-0B96388600D6}.Debug|Win32.ActiveCfg = Debug|Any CPU
		{3296BE72-F1FC-1AC1-8A7C-0B96388600D6}.Debug|x86.ActiveCfg = Debug|Any CPU
		{3296BE72-F1FC-1AC1-8A7C-0B96388600D6}.Release|Any CPU.ActiveCfg = Debug|Any CPU
		{3296BE72-F1FC-1AC1-8A7C-0B96388600D6}.Release|Any CPU.Build.0 = Debug|Any CPU
		{3296BE72-F1FC-1AC1-8A7C-0B96388600D6}.Release|Mixed Platforms.ActiveCfg = Debug|Any CPU
		{3296BE72-F1FC-1AC1-8A7C-0B96388600D6}.Release|Mixed Platforms.Build.0 = Debug|Any CPU
		{3296BE72-F1FC-1AC1-8A7C-0B96388600D6}.Release|Win32.ActiveCfg = Debug|Any CPU
		{3296BE72-F1FC-1AC1-8A7C-0B96388600D6}.Release|x86.ActiveCfg = Debug|Any CPU
		{A8831F8A-03D5-4381-B0B2-50E83887DACD}.Debug|Any CPU.ActiveCfg = Debug|Any CPU
		{A8831F8A-03D5-4381-B0B2-50E83887DACD}.Debug|Any CPU.Build.0 = Debug|Any CPU
		{A8831F8A-03D5-4381-B0B2-50E83887DACD}.Debug|Mixed Platforms.ActiveCfg = Debug|Any CPU
		{A8831F8A-03D5-4381-B0B2-50E83887DACD}.Debug|Mixed Platforms.Build.0 = Debug|Any CPU
		{A8831F8A-03D5-4381-B0B2-50E83887DACD}.Debug|Win32.ActiveCfg = Debug|Any CPU
		{A8831F8A-03D5-4381-B0B2-50E83887DACD}.Debug|x86.ActiveCfg = Debug|Any CPU
		{A8831F8A-03D5-4381-B0B2-50E83887DACD}.Release|Any CPU.ActiveCfg = Release|Any CPU
		{A8831F8A-03D5-4381-B0B2-50E83887DACD}.Release|Any CPU.Build.0 = Release|Any CPU
		{A8831F8A-03D5-4381-B0B2-50E83887DACD}.Release|Mixed Platforms.ActiveCfg = Release|Any CPU
		{A8831F8A-03D5-4381-B0B2-50E83887DACD}.Release|Mixed Platforms.Build.0 = Release|Any CPU
		{A8831F8A-03D5-4381-B0B2-50E83887DACD}.Release|Win32.ActiveCfg = Release|Any CPU
		{A8831F8A-03D5-4381-B0B2-50E83887DACD}.Release|x86.ActiveCfg = Release|Any CPU
		{98C3662E-CE8C-8EFE-6E0F-BDB11F85BE1D}.Debug|Any CPU.ActiveCfg = Debug|Any CPU
		{98C3662E-CE8C-8EFE-6E0F-BDB11F85BE1D}.Debug|Any CPU.Build.0 = Debug|Any CPU
		{98C3662E-CE8C-8EFE-6E0F-BDB11F85BE1D}.Debug|Mixed Platforms.ActiveCfg = Debug|Any CPU
		{98C3662E-CE8C-8EFE-6E0F-BDB11F85BE1D}.Debug|Mixed Platforms.Build.0 = Debug|Any CPU
		{98C3662E-CE8C-8EFE-6E0F-BDB11F85BE1D}.Debug|Win32.ActiveCfg = Debug|Any CPU
		{98C3662E-CE8C-8EFE-6E0F-BDB11F85BE1D}.Debug|x86.ActiveCfg = Debug|Any CPU
		{98C3662E-CE8C-8EFE-6E0F-BDB11F85BE1D}.Release|Any CPU.ActiveCfg = Debug|Any CPU
		{98C3662E-CE8C-8EFE-6E0F-BDB11F85BE1D}.Release|Any CPU.Build.0 = Debug|Any CPU
		{98C3662E-CE8C-8EFE-6E0F-BDB11F85BE1D}.Release|Mixed Platforms.ActiveCfg = Debug|Any CPU
		{98C3662E-CE8C-8EFE-6E0F-BDB11F85BE1D}.Release|Mixed Platforms.Build.0 = Debug|Any CPU
		{98C3662E-CE8C-8EFE-6E0F-BDB11F85BE1D}.Release|Win32.ActiveCfg = Debug|Any CPU
		{98C3662E-CE8C-8EFE-6E0F-BDB11F85BE1D}.Release|x86.ActiveCfg = Debug|Any CPU
		{74093F57-182E-4009-AA40-12455DE04C00}.Debug|Any CPU.ActiveCfg = Debug|Any CPU
		{74093F57-182E-4009-AA40-12455DE04C00}.Debug|Any CPU.Build.0 = Debug|Any CPU
		{74093F57-182E-4009-AA40-12455DE04C00}.Debug|Mixed Platforms.ActiveCfg = Debug|Any CPU
		{74093F57-182E-4009-AA40-12455DE04C00}.Debug|Mixed Platforms.Build.0 = Debug|Any CPU
		{74093F57-182E-4009-AA40-12455DE04C00}.Debug|Win32.ActiveCfg = Debug|Any CPU
		{74093F57-182E-4009-AA40-12455DE04C00}.Debug|x86.ActiveCfg = Debug|Any CPU
		{74093F57-182E-4009-AA40-12455DE04C00}.Release|Any CPU.ActiveCfg = Release|Any CPU
		{74093F57-182E-4009-AA40-12455DE04C00}.Release|Any CPU.Build.0 = Release|Any CPU
		{74093F57-182E-4009-AA40-12455DE04C00}.Release|Mixed Platforms.ActiveCfg = Release|Any CPU
		{74093F57-182E-4009-AA40-12455DE04C00}.Release|Mixed Platforms.Build.0 = Release|Any CPU
		{74093F57-182E-4009-AA40-12455DE04C00}.Release|Win32.ActiveCfg = Release|Any CPU
		{74093F57-182E-4009-AA40-12455DE04C00}.Release|x86.ActiveCfg = Release|Any CPU
		{73B2EBAB-D1D4-4373-B797-4699B51065DC}.Debug|Any CPU.ActiveCfg = Debug|Any CPU
		{73B2EBAB-D1D4-4373-B797-4699B51065DC}.Debug|Any CPU.Build.0 = Debug|Any CPU
		{73B2EBAB-D1D4-4373-B797-4699B51065DC}.Debug|Mixed Platforms.ActiveCfg = Debug|Any CPU
		{73B2EBAB-D1D4-4373-B797-4699B51065DC}.Debug|Mixed Platforms.Build.0 = Debug|Any CPU
		{73B2EBAB-D1D4-4373-B797-4699B51065DC}.Debug|Win32.ActiveCfg = Debug|Any CPU
		{73B2EBAB-D1D4-4373-B797-4699B51065DC}.Debug|x86.ActiveCfg = Debug|Any CPU
		{73B2EBAB-D1D4-4373-B797-4699B51065DC}.Release|Any CPU.ActiveCfg = Release|Any CPU
		{73B2EBAB-D1D4-4373-B797-4699B51065DC}.Release|Any CPU.Build.0 = Release|Any CPU
		{73B2EBAB-D1D4-4373-B797-4699B51065DC}.Release|Mixed Platforms.ActiveCfg = Release|Any CPU
		{73B2EBAB-D1D4-4373-B797-4699B51065DC}.Release|Mixed Platforms.Build.0 = Release|Any CPU
		{73B2EBAB-D1D4-4373-B797-4699B51065DC}.Release|Win32.ActiveCfg = Release|Any CPU
		{73B2EBAB-D1D4-4373-B797-4699B51065DC}.Release|x86.ActiveCfg = Release|Any CPU
		{68EEE97D-E162-43F4-AFF9-C564680D7247}.Debug|Any CPU.ActiveCfg = Debug|Any CPU
		{68EEE97D-E162-43F4-AFF9-C564680D7247}.Debug|Any CPU.Build.0 = Debug|Any CPU
		{68EEE97D-E162-43F4-AFF9-C564680D7247}.Debug|Mixed Platforms.ActiveCfg = Debug|Any CPU
		{68EEE97D-E162-43F4-AFF9-C564680D7247}.Debug|Mixed Platforms.Build.0 = Debug|Any CPU
		{68EEE97D-E162-43F4-AFF9-C564680D7247}.Debug|Win32.ActiveCfg = Debug|Any CPU
		{68EEE97D-E162-43F4-AFF9-C564680D7247}.Debug|x86.ActiveCfg = Debug|Any CPU
		{68EEE97D-E162-43F4-AFF9-C564680D7247}.Release|Any CPU.ActiveCfg = Release|Any CPU
		{68EEE97D-E162-43F4-AFF9-C564680D7247}.Release|Any CPU.Build.0 = Release|Any CPU
		{68EEE97D-E162-43F4-AFF9-C564680D7247}.Release|Mixed Platforms.ActiveCfg = Release|Any CPU
		{68EEE97D-E162-43F4-AFF9-C564680D7247}.Release|Mixed Platforms.Build.0 = Release|Any CPU
		{68EEE97D-E162-43F4-AFF9-C564680D7247}.Release|Win32.ActiveCfg = Release|Any CPU
		{68EEE97D-E162-43F4-AFF9-C564680D7247}.Release|x86.ActiveCfg = Release|Any CPU
		{71837595-C2A9-4C59-8358-391767A6B33F}.Debug|Any CPU.ActiveCfg = Debug|Any CPU
		{71837595-C2A9-4C59-8358-391767A6B33F}.Debug|Any CPU.Build.0 = Debug|Any CPU
		{71837595-C2A9-4C59-8358-391767A6B33F}.Debug|Mixed Platforms.ActiveCfg = Debug|Any CPU
		{71837595-C2A9-4C59-8358-391767A6B33F}.Debug|Mixed Platforms.Build.0 = Debug|Any CPU
		{71837595-C2A9-4C59-8358-391767A6B33F}.Debug|Win32.ActiveCfg = Debug|Any CPU
		{71837595-C2A9-4C59-8358-391767A6B33F}.Debug|x86.ActiveCfg = Debug|Any CPU
		{71837595-C2A9-4C59-8358-391767A6B33F}.Release|Any CPU.ActiveCfg = Release|Any CPU
		{71837595-C2A9-4C59-8358-391767A6B33F}.Release|Any CPU.Build.0 = Release|Any CPU
		{71837595-C2A9-4C59-8358-391767A6B33F}.Release|Mixed Platforms.ActiveCfg = Release|Any CPU
		{71837595-C2A9-4C59-8358-391767A6B33F}.Release|Mixed Platforms.Build.0 = Release|Any CPU
		{71837595-C2A9-4C59-8358-391767A6B33F}.Release|Win32.ActiveCfg = Release|Any CPU
		{71837595-C2A9-4C59-8358-391767A6B33F}.Release|x86.ActiveCfg = Release|Any CPU
		{6CFCF17B-5925-4D80-8543-F30844973308}.Debug|Any CPU.ActiveCfg = Debug|Any CPU
		{6CFCF17B-5925-4D80-8543-F30844973308}.Debug|Any CPU.Build.0 = Debug|Any CPU
		{6CFCF17B-5925-4D80-8543-F30844973308}.Debug|Mixed Platforms.ActiveCfg = Debug|Any CPU
		{6CFCF17B-5925-4D80-8543-F30844973308}.Debug|Mixed Platforms.Build.0 = Debug|Any CPU
		{6CFCF17B-5925-4D80-8543-F30844973308}.Debug|Win32.ActiveCfg = Debug|Any CPU
		{6CFCF17B-5925-4D80-8543-F30844973308}.Debug|x86.ActiveCfg = Debug|Any CPU
		{6CFCF17B-5925-4D80-8543-F30844973308}.Release|Any CPU.ActiveCfg = Release|Any CPU
		{6CFCF17B-5925-4D80-8543-F30844973308}.Release|Any CPU.Build.0 = Release|Any CPU
		{6CFCF17B-5925-4D80-8543-F30844973308}.Release|Mixed Platforms.ActiveCfg = Release|Any CPU
		{6CFCF17B-5925-4D80-8543-F30844973308}.Release|Mixed Platforms.Build.0 = Release|Any CPU
		{6CFCF17B-5925-4D80-8543-F30844973308}.Release|Win32.ActiveCfg = Release|Any CPU
		{6CFCF17B-5925-4D80-8543-F30844973308}.Release|x86.ActiveCfg = Release|Any CPU
		{2B20E37F-AC66-45A7-8732-79A3129138F0}.Debug|Any CPU.ActiveCfg = Debug|Any CPU
		{2B20E37F-AC66-45A7-8732-79A3129138F0}.Debug|Any CPU.Build.0 = Debug|Any CPU
		{2B20E37F-AC66-45A7-8732-79A3129138F0}.Debug|Mixed Platforms.ActiveCfg = Debug|Any CPU
		{2B20E37F-AC66-45A7-8732-79A3129138F0}.Debug|Mixed Platforms.Build.0 = Debug|Any CPU
		{2B20E37F-AC66-45A7-8732-79A3129138F0}.Debug|Win32.ActiveCfg = Debug|Any CPU
		{2B20E37F-AC66-45A7-8732-79A3129138F0}.Debug|x86.ActiveCfg = Debug|Any CPU
		{2B20E37F-AC66-45A7-8732-79A3129138F0}.Release|Any CPU.ActiveCfg = Release|Any CPU
		{2B20E37F-AC66-45A7-8732-79A3129138F0}.Release|Any CPU.Build.0 = Release|Any CPU
		{2B20E37F-AC66-45A7-8732-79A3129138F0}.Release|Mixed Platforms.ActiveCfg = Release|Any CPU
		{2B20E37F-AC66-45A7-8732-79A3129138F0}.Release|Mixed Platforms.Build.0 = Release|Any CPU
		{2B20E37F-AC66-45A7-8732-79A3129138F0}.Release|Win32.ActiveCfg = Release|Any CPU
		{2B20E37F-AC66-45A7-8732-79A3129138F0}.Release|x86.ActiveCfg = Release|Any CPU
		{523A00AF-4B13-420E-B620-75300A7D5942}.Debug|Any CPU.ActiveCfg = Debug|Any CPU
		{523A00AF-4B13-420E-B620-75300A7D5942}.Debug|Any CPU.Build.0 = Debug|Any CPU
		{523A00AF-4B13-420E-B620-75300A7D5942}.Debug|Mixed Platforms.ActiveCfg = Debug|Any CPU
		{523A00AF-4B13-420E-B620-75300A7D5942}.Debug|Mixed Platforms.Build.0 = Debug|Any CPU
		{523A00AF-4B13-420E-B620-75300A7D5942}.Debug|Win32.ActiveCfg = Debug|Any CPU
		{523A00AF-4B13-420E-B620-75300A7D5942}.Debug|x86.ActiveCfg = Debug|Any CPU
		{523A00AF-4B13-420E-B620-75300A7D5942}.Release|Any CPU.ActiveCfg = Release|Any CPU
		{523A00AF-4B13-420E-B620-75300A7D5942}.Release|Any CPU.Build.0 = Release|Any CPU
		{523A00AF-4B13-420E-B620-75300A7D5942}.Release|Mixed Platforms.ActiveCfg = Release|Any CPU
		{523A00AF-4B13-420E-B620-75300A7D5942}.Release|Mixed Platforms.Build.0 = Release|Any CPU
		{523A00AF-4B13-420E-B620-75300A7D5942}.Release|Win32.ActiveCfg = Release|Any CPU
		{523A00AF-4B13-420E-B620-75300A7D5942}.Release|x86.ActiveCfg = Release|Any CPU
		{4EFEB1A2-CC27-4C62-A838-3AA2163D59FF}.Debug|Any CPU.ActiveCfg = Debug|Any CPU
		{4EFEB1A2-CC27-4C62-A838-3AA2163D59FF}.Debug|Any CPU.Build.0 = Debug|Any CPU
		{4EFEB1A2-CC27-4C62-A838-3AA2163D59FF}.Debug|Mixed Platforms.ActiveCfg = Debug|Any CPU
		{4EFEB1A2-CC27-4C62-A838-3AA2163D59FF}.Debug|Mixed Platforms.Build.0 = Debug|Any CPU
		{4EFEB1A2-CC27-4C62-A838-3AA2163D59FF}.Debug|Win32.ActiveCfg = Debug|Any CPU
		{4EFEB1A2-CC27-4C62-A838-3AA2163D59FF}.Debug|x86.ActiveCfg = Debug|Any CPU
		{4EFEB1A2-CC27-4C62-A838-3AA2163D59FF}.Release|Any CPU.ActiveCfg = Release|Any CPU
		{4EFEB1A2-CC27-4C62-A838-3AA2163D59FF}.Release|Any CPU.Build.0 = Release|Any CPU
		{4EFEB1A2-CC27-4C62-A838-3AA2163D59FF}.Release|Mixed Platforms.ActiveCfg = Release|Any CPU
		{4EFEB1A2-CC27-4C62-A838-3AA2163D59FF}.Release|Mixed Platforms.Build.0 = Release|Any CPU
		{4EFEB1A2-CC27-4C62-A838-3AA2163D59FF}.Release|Win32.ActiveCfg = Release|Any CPU
		{4EFEB1A2-CC27-4C62-A838-3AA2163D59FF}.Release|x86.ActiveCfg = Release|Any CPU
		{01B9EC14-60A8-427B-A359-0E7BB0779A61}.Debug|Any CPU.ActiveCfg = Debug|Any CPU
		{01B9EC14-60A8-427B-A359-0E7BB0779A61}.Debug|Any CPU.Build.0 = Debug|Any CPU
		{01B9EC14-60A8-427B-A359-0E7BB0779A61}.Debug|Mixed Platforms.ActiveCfg = Debug|Any CPU
		{01B9EC14-60A8-427B-A359-0E7BB0779A61}.Debug|Mixed Platforms.Build.0 = Debug|Any CPU
		{01B9EC14-60A8-427B-A359-0E7BB0779A61}.Debug|Win32.ActiveCfg = Debug|Any CPU
		{01B9EC14-60A8-427B-A359-0E7BB0779A61}.Debug|x86.ActiveCfg = Debug|Any CPU
		{01B9EC14-60A8-427B-A359-0E7BB0779A61}.Release|Any CPU.ActiveCfg = Release|Any CPU
		{01B9EC14-60A8-427B-A359-0E7BB0779A61}.Release|Any CPU.Build.0 = Release|Any CPU
		{01B9EC14-60A8-427B-A359-0E7BB0779A61}.Release|Mixed Platforms.ActiveCfg = Release|Any CPU
		{01B9EC14-60A8-427B-A359-0E7BB0779A61}.Release|Mixed Platforms.Build.0 = Release|Any CPU
		{01B9EC14-60A8-427B-A359-0E7BB0779A61}.Release|Win32.ActiveCfg = Release|Any CPU
		{01B9EC14-60A8-427B-A359-0E7BB0779A61}.Release|x86.ActiveCfg = Release|Any CPU
		{341EF70F-EC29-4223-ADF8-2AB3FADD6CBB}.Debug|Any CPU.ActiveCfg = Debug|Any CPU
		{341EF70F-EC29-4223-ADF8-2AB3FADD6CBB}.Debug|Any CPU.Build.0 = Debug|Any CPU
		{341EF70F-EC29-4223-ADF8-2AB3FADD6CBB}.Debug|Mixed Platforms.ActiveCfg = Debug|Any CPU
		{341EF70F-EC29-4223-ADF8-2AB3FADD6CBB}.Debug|Mixed Platforms.Build.0 = Debug|Any CPU
		{341EF70F-EC29-4223-ADF8-2AB3FADD6CBB}.Debug|Win32.ActiveCfg = Debug|Any CPU
		{341EF70F-EC29-4223-ADF8-2AB3FADD6CBB}.Debug|x86.ActiveCfg = Debug|Any CPU
		{341EF70F-EC29-4223-ADF8-2AB3FADD6CBB}.Release|Any CPU.ActiveCfg = Release|Any CPU
		{341EF70F-EC29-4223-ADF8-2AB3FADD6CBB}.Release|Any CPU.Build.0 = Release|Any CPU
		{341EF70F-EC29-4223-ADF8-2AB3FADD6CBB}.Release|Mixed Platforms.ActiveCfg = Release|Any CPU
		{341EF70F-EC29-4223-ADF8-2AB3FADD6CBB}.Release|Mixed Platforms.Build.0 = Release|Any CPU
		{341EF70F-EC29-4223-ADF8-2AB3FADD6CBB}.Release|Win32.ActiveCfg = Release|Any CPU
		{341EF70F-EC29-4223-ADF8-2AB3FADD6CBB}.Release|x86.ActiveCfg = Release|Any CPU
		{6251040D-31F9-4B4C-BB31-C1EF0CE4357F}.Debug|Any CPU.ActiveCfg = Debug|Any CPU
		{6251040D-31F9-4B4C-BB31-C1EF0CE4357F}.Debug|Any CPU.Build.0 = Debug|Any CPU
		{6251040D-31F9-4B4C-BB31-C1EF0CE4357F}.Debug|Mixed Platforms.ActiveCfg = Debug|Any CPU
		{6251040D-31F9-4B4C-BB31-C1EF0CE4357F}.Debug|Mixed Platforms.Build.0 = Debug|Any CPU
		{6251040D-31F9-4B4C-BB31-C1EF0CE4357F}.Debug|Win32.ActiveCfg = Debug|Any CPU
		{6251040D-31F9-4B4C-BB31-C1EF0CE4357F}.Debug|x86.ActiveCfg = Debug|Any CPU
		{6251040D-31F9-4B4C-BB31-C1EF0CE4357F}.Release|Any CPU.ActiveCfg = Release|Any CPU
		{6251040D-31F9-4B4C-BB31-C1EF0CE4357F}.Release|Any CPU.Build.0 = Release|Any CPU
		{6251040D-31F9-4B4C-BB31-C1EF0CE4357F}.Release|Mixed Platforms.ActiveCfg = Release|Any CPU
		{6251040D-31F9-4B4C-BB31-C1EF0CE4357F}.Release|Mixed Platforms.Build.0 = Release|Any CPU
		{6251040D-31F9-4B4C-BB31-C1EF0CE4357F}.Release|Win32.ActiveCfg = Release|Any CPU
		{6251040D-31F9-4B4C-BB31-C1EF0CE4357F}.Release|x86.ActiveCfg = Release|Any CPU
		{AE28CEF6-F176-4C06-AC5B-6F73A79F1189}.Debug|Any CPU.ActiveCfg = Debug|Any CPU
		{AE28CEF6-F176-4C06-AC5B-6F73A79F1189}.Debug|Any CPU.Build.0 = Debug|Any CPU
		{AE28CEF6-F176-4C06-AC5B-6F73A79F1189}.Debug|Mixed Platforms.ActiveCfg = Debug|Any CPU
		{AE28CEF6-F176-4C06-AC5B-6F73A79F1189}.Debug|Mixed Platforms.Build.0 = Debug|Any CPU
		{AE28CEF6-F176-4C06-AC5B-6F73A79F1189}.Debug|Win32.ActiveCfg = Debug|Any CPU
		{AE28CEF6-F176-4C06-AC5B-6F73A79F1189}.Debug|x86.ActiveCfg = Debug|Any CPU
		{AE28CEF6-F176-4C06-AC5B-6F73A79F1189}.Release|Any CPU.ActiveCfg = Release|Any CPU
		{AE28CEF6-F176-4C06-AC5B-6F73A79F1189}.Release|Any CPU.Build.0 = Release|Any CPU
		{AE28CEF6-F176-4C06-AC5B-6F73A79F1189}.Release|Mixed Platforms.ActiveCfg = Release|Any CPU
		{AE28CEF6-F176-4C06-AC5B-6F73A79F1189}.Release|Mixed Platforms.Build.0 = Release|Any CPU
		{AE28CEF6-F176-4C06-AC5B-6F73A79F1189}.Release|Win32.ActiveCfg = Release|Any CPU
		{AE28CEF6-F176-4C06-AC5B-6F73A79F1189}.Release|x86.ActiveCfg = Release|Any CPU
		{5E2D1B7A-C2D1-4FC1-B5FD-A677217114CD}.Debug|Any CPU.ActiveCfg = Debug|Any CPU
		{5E2D1B7A-C2D1-4FC1-B5FD-A677217114CD}.Debug|Any CPU.Build.0 = Debug|Any CPU
		{5E2D1B7A-C2D1-4FC1-B5FD-A677217114CD}.Debug|Mixed Platforms.ActiveCfg = Debug|Any CPU
		{5E2D1B7A-C2D1-4FC1-B5FD-A677217114CD}.Debug|Mixed Platforms.Build.0 = Debug|Any CPU
		{5E2D1B7A-C2D1-4FC1-B5FD-A677217114CD}.Debug|Win32.ActiveCfg = Debug|Any CPU
		{5E2D1B7A-C2D1-4FC1-B5FD-A677217114CD}.Debug|Win32.Build.0 = Debug|Any CPU
		{5E2D1B7A-C2D1-4FC1-B5FD-A677217114CD}.Debug|x86.ActiveCfg = Debug|Any CPU
		{5E2D1B7A-C2D1-4FC1-B5FD-A677217114CD}.Debug|x86.Build.0 = Debug|Any CPU
		{5E2D1B7A-C2D1-4FC1-B5FD-A677217114CD}.Release|Any CPU.ActiveCfg = Release|Any CPU
		{5E2D1B7A-C2D1-4FC1-B5FD-A677217114CD}.Release|Any CPU.Build.0 = Release|Any CPU
		{5E2D1B7A-C2D1-4FC1-B5FD-A677217114CD}.Release|Mixed Platforms.ActiveCfg = Release|Any CPU
		{5E2D1B7A-C2D1-4FC1-B5FD-A677217114CD}.Release|Mixed Platforms.Build.0 = Release|Any CPU
		{5E2D1B7A-C2D1-4FC1-B5FD-A677217114CD}.Release|Win32.ActiveCfg = Release|Any CPU
		{5E2D1B7A-C2D1-4FC1-B5FD-A677217114CD}.Release|Win32.Build.0 = Release|Any CPU
		{5E2D1B7A-C2D1-4FC1-B5FD-A677217114CD}.Release|x86.ActiveCfg = Release|Any CPU
		{5E2D1B7A-C2D1-4FC1-B5FD-A677217114CD}.Release|x86.Build.0 = Release|Any CPU
		{3E02FD62-78A1-4A7C-B26D-BAAB31AA1420}.Debug|Any CPU.ActiveCfg = Debug|Any CPU
		{3E02FD62-78A1-4A7C-B26D-BAAB31AA1420}.Debug|Any CPU.Build.0 = Debug|Any CPU
		{3E02FD62-78A1-4A7C-B26D-BAAB31AA1420}.Debug|Mixed Platforms.ActiveCfg = Debug|Any CPU
		{3E02FD62-78A1-4A7C-B26D-BAAB31AA1420}.Debug|Mixed Platforms.Build.0 = Debug|Any CPU
		{3E02FD62-78A1-4A7C-B26D-BAAB31AA1420}.Debug|Win32.ActiveCfg = Debug|Any CPU
		{3E02FD62-78A1-4A7C-B26D-BAAB31AA1420}.Debug|Win32.Build.0 = Debug|Any CPU
		{3E02FD62-78A1-4A7C-B26D-BAAB31AA1420}.Debug|x86.ActiveCfg = Debug|Any CPU
		{3E02FD62-78A1-4A7C-B26D-BAAB31AA1420}.Debug|x86.Build.0 = Debug|Any CPU
		{3E02FD62-78A1-4A7C-B26D-BAAB31AA1420}.Release|Any CPU.ActiveCfg = Release|Any CPU
		{3E02FD62-78A1-4A7C-B26D-BAAB31AA1420}.Release|Any CPU.Build.0 = Release|Any CPU
		{3E02FD62-78A1-4A7C-B26D-BAAB31AA1420}.Release|Mixed Platforms.ActiveCfg = Release|Any CPU
		{3E02FD62-78A1-4A7C-B26D-BAAB31AA1420}.Release|Mixed Platforms.Build.0 = Release|Any CPU
		{3E02FD62-78A1-4A7C-B26D-BAAB31AA1420}.Release|Win32.ActiveCfg = Release|Any CPU
		{3E02FD62-78A1-4A7C-B26D-BAAB31AA1420}.Release|Win32.Build.0 = Release|Any CPU
		{3E02FD62-78A1-4A7C-B26D-BAAB31AA1420}.Release|x86.ActiveCfg = Release|Any CPU
		{3E02FD62-78A1-4A7C-B26D-BAAB31AA1420}.Release|x86.Build.0 = Release|Any CPU
		{98269DDC-CF41-415D-949B-EAE07100C5F9}.Debug|Any CPU.ActiveCfg = Debug|Any CPU
		{98269DDC-CF41-415D-949B-EAE07100C5F9}.Debug|Any CPU.Build.0 = Debug|Any CPU
		{98269DDC-CF41-415D-949B-EAE07100C5F9}.Debug|Mixed Platforms.ActiveCfg = Debug|Any CPU
		{98269DDC-CF41-415D-949B-EAE07100C5F9}.Debug|Mixed Platforms.Build.0 = Debug|Any CPU
		{98269DDC-CF41-415D-949B-EAE07100C5F9}.Debug|Win32.ActiveCfg = Debug|Any CPU
		{98269DDC-CF41-415D-949B-EAE07100C5F9}.Debug|Win32.Build.0 = Debug|Any CPU
		{98269DDC-CF41-415D-949B-EAE07100C5F9}.Debug|x86.ActiveCfg = Debug|Any CPU
		{98269DDC-CF41-415D-949B-EAE07100C5F9}.Debug|x86.Build.0 = Debug|Any CPU
		{98269DDC-CF41-415D-949B-EAE07100C5F9}.Release|Any CPU.ActiveCfg = Release|Any CPU
		{98269DDC-CF41-415D-949B-EAE07100C5F9}.Release|Any CPU.Build.0 = Release|Any CPU
		{98269DDC-CF41-415D-949B-EAE07100C5F9}.Release|Mixed Platforms.ActiveCfg = Release|Any CPU
		{98269DDC-CF41-415D-949B-EAE07100C5F9}.Release|Mixed Platforms.Build.0 = Release|Any CPU
		{98269DDC-CF41-415D-949B-EAE07100C5F9}.Release|Win32.ActiveCfg = Release|Any CPU
		{98269DDC-CF41-415D-949B-EAE07100C5F9}.Release|Win32.Build.0 = Release|Any CPU
		{98269DDC-CF41-415D-949B-EAE07100C5F9}.Release|x86.ActiveCfg = Release|Any CPU
		{98269DDC-CF41-415D-949B-EAE07100C5F9}.Release|x86.Build.0 = Release|Any CPU
		{3E7C6384-1F49-40C6-8064-9BD8D01DF368}.Debug|Any CPU.ActiveCfg = Debug|Any CPU
		{3E7C6384-1F49-40C6-8064-9BD8D01DF368}.Debug|Any CPU.Build.0 = Debug|Any CPU
		{3E7C6384-1F49-40C6-8064-9BD8D01DF368}.Debug|Mixed Platforms.ActiveCfg = Debug|Any CPU
		{3E7C6384-1F49-40C6-8064-9BD8D01DF368}.Debug|Mixed Platforms.Build.0 = Debug|Any CPU
		{3E7C6384-1F49-40C6-8064-9BD8D01DF368}.Debug|Win32.ActiveCfg = Debug|Any CPU
		{3E7C6384-1F49-40C6-8064-9BD8D01DF368}.Debug|Win32.Build.0 = Debug|Any CPU
		{3E7C6384-1F49-40C6-8064-9BD8D01DF368}.Debug|x86.ActiveCfg = Debug|Any CPU
		{3E7C6384-1F49-40C6-8064-9BD8D01DF368}.Debug|x86.Build.0 = Debug|Any CPU
		{3E7C6384-1F49-40C6-8064-9BD8D01DF368}.Release|Any CPU.ActiveCfg = Release|Any CPU
		{3E7C6384-1F49-40C6-8064-9BD8D01DF368}.Release|Any CPU.Build.0 = Release|Any CPU
		{3E7C6384-1F49-40C6-8064-9BD8D01DF368}.Release|Mixed Platforms.ActiveCfg = Release|Any CPU
		{3E7C6384-1F49-40C6-8064-9BD8D01DF368}.Release|Mixed Platforms.Build.0 = Release|Any CPU
		{3E7C6384-1F49-40C6-8064-9BD8D01DF368}.Release|Win32.ActiveCfg = Release|Any CPU
		{3E7C6384-1F49-40C6-8064-9BD8D01DF368}.Release|Win32.Build.0 = Release|Any CPU
		{3E7C6384-1F49-40C6-8064-9BD8D01DF368}.Release|x86.ActiveCfg = Release|Any CPU
		{3E7C6384-1F49-40C6-8064-9BD8D01DF368}.Release|x86.Build.0 = Release|Any CPU
		{7E39CAA8-E0E3-430C-95DA-02E9A4025EB1}.Debug|Any CPU.ActiveCfg = Debug|Any CPU
		{7E39CAA8-E0E3-430C-95DA-02E9A4025EB1}.Debug|Any CPU.Build.0 = Debug|Any CPU
		{7E39CAA8-E0E3-430C-95DA-02E9A4025EB1}.Debug|Mixed Platforms.ActiveCfg = Debug|Any CPU
		{7E39CAA8-E0E3-430C-95DA-02E9A4025EB1}.Debug|Mixed Platforms.Build.0 = Debug|Any CPU
		{7E39CAA8-E0E3-430C-95DA-02E9A4025EB1}.Debug|Win32.ActiveCfg = Debug|Any CPU
		{7E39CAA8-E0E3-430C-95DA-02E9A4025EB1}.Debug|Win32.Build.0 = Debug|Any CPU
		{7E39CAA8-E0E3-430C-95DA-02E9A4025EB1}.Debug|x86.ActiveCfg = Debug|Any CPU
		{7E39CAA8-E0E3-430C-95DA-02E9A4025EB1}.Debug|x86.Build.0 = Debug|Any CPU
		{7E39CAA8-E0E3-430C-95DA-02E9A4025EB1}.Release|Any CPU.ActiveCfg = Release|Any CPU
		{7E39CAA8-E0E3-430C-95DA-02E9A4025EB1}.Release|Any CPU.Build.0 = Release|Any CPU
		{7E39CAA8-E0E3-430C-95DA-02E9A4025EB1}.Release|Mixed Platforms.ActiveCfg = Release|Any CPU
		{7E39CAA8-E0E3-430C-95DA-02E9A4025EB1}.Release|Mixed Platforms.Build.0 = Release|Any CPU
		{7E39CAA8-E0E3-430C-95DA-02E9A4025EB1}.Release|Win32.ActiveCfg = Release|Any CPU
		{7E39CAA8-E0E3-430C-95DA-02E9A4025EB1}.Release|Win32.Build.0 = Release|Any CPU
		{7E39CAA8-E0E3-430C-95DA-02E9A4025EB1}.Release|x86.ActiveCfg = Release|Any CPU
		{7E39CAA8-E0E3-430C-95DA-02E9A4025EB1}.Release|x86.Build.0 = Release|Any CPU
		{71557576-1F1B-40F1-815F-72D7756D5B17}.Debug|Any CPU.ActiveCfg = Debug|Any CPU
		{71557576-1F1B-40F1-815F-72D7756D5B17}.Debug|Any CPU.Build.0 = Debug|Any CPU
		{71557576-1F1B-40F1-815F-72D7756D5B17}.Debug|Mixed Platforms.ActiveCfg = Debug|Any CPU
		{71557576-1F1B-40F1-815F-72D7756D5B17}.Debug|Mixed Platforms.Build.0 = Debug|Any CPU
		{71557576-1F1B-40F1-815F-72D7756D5B17}.Debug|Win32.ActiveCfg = Debug|Any CPU
		{71557576-1F1B-40F1-815F-72D7756D5B17}.Debug|Win32.Build.0 = Debug|Any CPU
		{71557576-1F1B-40F1-815F-72D7756D5B17}.Debug|x86.ActiveCfg = Debug|Any CPU
		{71557576-1F1B-40F1-815F-72D7756D5B17}.Debug|x86.Build.0 = Debug|Any CPU
		{71557576-1F1B-40F1-815F-72D7756D5B17}.Release|Any CPU.ActiveCfg = Release|Any CPU
		{71557576-1F1B-40F1-815F-72D7756D5B17}.Release|Any CPU.Build.0 = Release|Any CPU
		{71557576-1F1B-40F1-815F-72D7756D5B17}.Release|Mixed Platforms.ActiveCfg = Release|Any CPU
		{71557576-1F1B-40F1-815F-72D7756D5B17}.Release|Mixed Platforms.Build.0 = Release|Any CPU
		{71557576-1F1B-40F1-815F-72D7756D5B17}.Release|Win32.ActiveCfg = Release|Any CPU
		{71557576-1F1B-40F1-815F-72D7756D5B17}.Release|Win32.Build.0 = Release|Any CPU
		{71557576-1F1B-40F1-815F-72D7756D5B17}.Release|x86.ActiveCfg = Release|Any CPU
		{71557576-1F1B-40F1-815F-72D7756D5B17}.Release|x86.Build.0 = Release|Any CPU
		{190A3011-BDD3-445E-84A4-4C5A2702372C}.Debug|Any CPU.ActiveCfg = Debug|Any CPU
		{190A3011-BDD3-445E-84A4-4C5A2702372C}.Debug|Any CPU.Build.0 = Debug|Any CPU
		{190A3011-BDD3-445E-84A4-4C5A2702372C}.Debug|Mixed Platforms.ActiveCfg = Debug|Any CPU
		{190A3011-BDD3-445E-84A4-4C5A2702372C}.Debug|Mixed Platforms.Build.0 = Debug|Any CPU
		{190A3011-BDD3-445E-84A4-4C5A2702372C}.Debug|Win32.ActiveCfg = Debug|Any CPU
		{190A3011-BDD3-445E-84A4-4C5A2702372C}.Debug|Win32.Build.0 = Debug|Any CPU
		{190A3011-BDD3-445E-84A4-4C5A2702372C}.Debug|x86.ActiveCfg = Debug|Any CPU
		{190A3011-BDD3-445E-84A4-4C5A2702372C}.Debug|x86.Build.0 = Debug|Any CPU
		{190A3011-BDD3-445E-84A4-4C5A2702372C}.Release|Any CPU.ActiveCfg = Release|Any CPU
		{190A3011-BDD3-445E-84A4-4C5A2702372C}.Release|Any CPU.Build.0 = Release|Any CPU
		{190A3011-BDD3-445E-84A4-4C5A2702372C}.Release|Mixed Platforms.ActiveCfg = Release|Any CPU
		{190A3011-BDD3-445E-84A4-4C5A2702372C}.Release|Mixed Platforms.Build.0 = Release|Any CPU
		{190A3011-BDD3-445E-84A4-4C5A2702372C}.Release|Win32.ActiveCfg = Release|Any CPU
		{190A3011-BDD3-445E-84A4-4C5A2702372C}.Release|Win32.Build.0 = Release|Any CPU
		{190A3011-BDD3-445E-84A4-4C5A2702372C}.Release|x86.ActiveCfg = Release|Any CPU
		{190A3011-BDD3-445E-84A4-4C5A2702372C}.Release|x86.Build.0 = Release|Any CPU
		{679061DC-842D-4375-AF5E-2B0B0D80C763}.Debug|Any CPU.ActiveCfg = Debug|Any CPU
		{679061DC-842D-4375-AF5E-2B0B0D80C763}.Debug|Any CPU.Build.0 = Debug|Any CPU
		{679061DC-842D-4375-AF5E-2B0B0D80C763}.Debug|Mixed Platforms.ActiveCfg = Debug|Any CPU
		{679061DC-842D-4375-AF5E-2B0B0D80C763}.Debug|Mixed Platforms.Build.0 = Debug|Any CPU
		{679061DC-842D-4375-AF5E-2B0B0D80C763}.Debug|Win32.ActiveCfg = Debug|Any CPU
		{679061DC-842D-4375-AF5E-2B0B0D80C763}.Debug|Win32.Build.0 = Debug|Any CPU
		{679061DC-842D-4375-AF5E-2B0B0D80C763}.Debug|x86.ActiveCfg = Debug|Any CPU
		{679061DC-842D-4375-AF5E-2B0B0D80C763}.Debug|x86.Build.0 = Debug|Any CPU
		{679061DC-842D-4375-AF5E-2B0B0D80C763}.Release|Any CPU.ActiveCfg = Release|Any CPU
		{679061DC-842D-4375-AF5E-2B0B0D80C763}.Release|Any CPU.Build.0 = Release|Any CPU
		{679061DC-842D-4375-AF5E-2B0B0D80C763}.Release|Mixed Platforms.ActiveCfg = Release|Any CPU
		{679061DC-842D-4375-AF5E-2B0B0D80C763}.Release|Mixed Platforms.Build.0 = Release|Any CPU
		{679061DC-842D-4375-AF5E-2B0B0D80C763}.Release|Win32.ActiveCfg = Release|Any CPU
		{679061DC-842D-4375-AF5E-2B0B0D80C763}.Release|Win32.Build.0 = Release|Any CPU
		{679061DC-842D-4375-AF5E-2B0B0D80C763}.Release|x86.ActiveCfg = Release|Any CPU
		{679061DC-842D-4375-AF5E-2B0B0D80C763}.Release|x86.Build.0 = Release|Any CPU
		{2076CC68-0DAB-46F1-811D-64E0D783C497}.Debug|Any CPU.ActiveCfg = Debug|Any CPU
		{2076CC68-0DAB-46F1-811D-64E0D783C497}.Debug|Any CPU.Build.0 = Debug|Any CPU
		{2076CC68-0DAB-46F1-811D-64E0D783C497}.Debug|Mixed Platforms.ActiveCfg = Debug|Any CPU
		{2076CC68-0DAB-46F1-811D-64E0D783C497}.Debug|Mixed Platforms.Build.0 = Debug|Any CPU
		{2076CC68-0DAB-46F1-811D-64E0D783C497}.Debug|Win32.ActiveCfg = Debug|Any CPU
		{2076CC68-0DAB-46F1-811D-64E0D783C497}.Debug|Win32.Build.0 = Debug|Any CPU
		{2076CC68-0DAB-46F1-811D-64E0D783C497}.Debug|x86.ActiveCfg = Debug|Any CPU
		{2076CC68-0DAB-46F1-811D-64E0D783C497}.Debug|x86.Build.0 = Debug|Any CPU
		{2076CC68-0DAB-46F1-811D-64E0D783C497}.Release|Any CPU.ActiveCfg = Release|Any CPU
		{2076CC68-0DAB-46F1-811D-64E0D783C497}.Release|Any CPU.Build.0 = Release|Any CPU
		{2076CC68-0DAB-46F1-811D-64E0D783C497}.Release|Mixed Platforms.ActiveCfg = Release|Any CPU
		{2076CC68-0DAB-46F1-811D-64E0D783C497}.Release|Mixed Platforms.Build.0 = Release|Any CPU
		{2076CC68-0DAB-46F1-811D-64E0D783C497}.Release|Win32.ActiveCfg = Release|Any CPU
		{2076CC68-0DAB-46F1-811D-64E0D783C497}.Release|Win32.Build.0 = Release|Any CPU
		{2076CC68-0DAB-46F1-811D-64E0D783C497}.Release|x86.ActiveCfg = Release|Any CPU
		{2076CC68-0DAB-46F1-811D-64E0D783C497}.Release|x86.Build.0 = Release|Any CPU
		{7CA6C6B1-1595-462D-B014-5EA9231A13D9}.Debug|Any CPU.ActiveCfg = Debug|Any CPU
		{7CA6C6B1-1595-462D-B014-5EA9231A13D9}.Debug|Any CPU.Build.0 = Debug|Any CPU
		{7CA6C6B1-1595-462D-B014-5EA9231A13D9}.Debug|Mixed Platforms.ActiveCfg = Debug|Any CPU
		{7CA6C6B1-1595-462D-B014-5EA9231A13D9}.Debug|Mixed Platforms.Build.0 = Debug|Any CPU
		{7CA6C6B1-1595-462D-B014-5EA9231A13D9}.Debug|Win32.ActiveCfg = Debug|Any CPU
		{7CA6C6B1-1595-462D-B014-5EA9231A13D9}.Debug|Win32.Build.0 = Debug|Any CPU
		{7CA6C6B1-1595-462D-B014-5EA9231A13D9}.Debug|x86.ActiveCfg = Debug|Any CPU
		{7CA6C6B1-1595-462D-B014-5EA9231A13D9}.Debug|x86.Build.0 = Debug|Any CPU
		{7CA6C6B1-1595-462D-B014-5EA9231A13D9}.Release|Any CPU.ActiveCfg = Release|Any CPU
		{7CA6C6B1-1595-462D-B014-5EA9231A13D9}.Release|Any CPU.Build.0 = Release|Any CPU
		{7CA6C6B1-1595-462D-B014-5EA9231A13D9}.Release|Mixed Platforms.ActiveCfg = Release|Any CPU
		{7CA6C6B1-1595-462D-B014-5EA9231A13D9}.Release|Mixed Platforms.Build.0 = Release|Any CPU
		{7CA6C6B1-1595-462D-B014-5EA9231A13D9}.Release|Win32.ActiveCfg = Release|Any CPU
		{7CA6C6B1-1595-462D-B014-5EA9231A13D9}.Release|Win32.Build.0 = Release|Any CPU
		{7CA6C6B1-1595-462D-B014-5EA9231A13D9}.Release|x86.ActiveCfg = Release|Any CPU
		{7CA6C6B1-1595-462D-B014-5EA9231A13D9}.Release|x86.Build.0 = Release|Any CPU
		{DCF647E7-A81A-44D5-95C8-D945072A0AE6}.Debug|Any CPU.ActiveCfg = Debug|Any CPU
		{DCF647E7-A81A-44D5-95C8-D945072A0AE6}.Debug|Any CPU.Build.0 = Debug|Any CPU
		{DCF647E7-A81A-44D5-95C8-D945072A0AE6}.Debug|Mixed Platforms.ActiveCfg = Debug|Any CPU
		{DCF647E7-A81A-44D5-95C8-D945072A0AE6}.Debug|Mixed Platforms.Build.0 = Debug|Any CPU
		{DCF647E7-A81A-44D5-95C8-D945072A0AE6}.Debug|Win32.ActiveCfg = Debug|Any CPU
		{DCF647E7-A81A-44D5-95C8-D945072A0AE6}.Debug|Win32.Build.0 = Debug|Any CPU
		{DCF647E7-A81A-44D5-95C8-D945072A0AE6}.Debug|x86.ActiveCfg = Debug|Any CPU
		{DCF647E7-A81A-44D5-95C8-D945072A0AE6}.Debug|x86.Build.0 = Debug|Any CPU
		{DCF647E7-A81A-44D5-95C8-D945072A0AE6}.Release|Any CPU.ActiveCfg = Release|Any CPU
		{DCF647E7-A81A-44D5-95C8-D945072A0AE6}.Release|Any CPU.Build.0 = Release|Any CPU
		{DCF647E7-A81A-44D5-95C8-D945072A0AE6}.Release|Mixed Platforms.ActiveCfg = Release|Any CPU
		{DCF647E7-A81A-44D5-95C8-D945072A0AE6}.Release|Mixed Platforms.Build.0 = Release|Any CPU
		{DCF647E7-A81A-44D5-95C8-D945072A0AE6}.Release|Win32.ActiveCfg = Release|Any CPU
		{DCF647E7-A81A-44D5-95C8-D945072A0AE6}.Release|Win32.Build.0 = Release|Any CPU
		{DCF647E7-A81A-44D5-95C8-D945072A0AE6}.Release|x86.ActiveCfg = Release|Any CPU
		{DCF647E7-A81A-44D5-95C8-D945072A0AE6}.Release|x86.Build.0 = Release|Any CPU
		{5BBADECD-63B6-457F-BD36-EA3131F9C22A}.Debug|Any CPU.ActiveCfg = Debug|Any CPU
		{5BBADECD-63B6-457F-BD36-EA3131F9C22A}.Debug|Any CPU.Build.0 = Debug|Any CPU
		{5BBADECD-63B6-457F-BD36-EA3131F9C22A}.Debug|Mixed Platforms.ActiveCfg = Debug|Any CPU
		{5BBADECD-63B6-457F-BD36-EA3131F9C22A}.Debug|Mixed Platforms.Build.0 = Debug|Any CPU
		{5BBADECD-63B6-457F-BD36-EA3131F9C22A}.Debug|Win32.ActiveCfg = Debug|Any CPU
		{5BBADECD-63B6-457F-BD36-EA3131F9C22A}.Debug|Win32.Build.0 = Debug|Any CPU
		{5BBADECD-63B6-457F-BD36-EA3131F9C22A}.Debug|x86.ActiveCfg = Debug|Any CPU
		{5BBADECD-63B6-457F-BD36-EA3131F9C22A}.Debug|x86.Build.0 = Debug|Any CPU
		{5BBADECD-63B6-457F-BD36-EA3131F9C22A}.Release|Any CPU.ActiveCfg = Release|Any CPU
		{5BBADECD-63B6-457F-BD36-EA3131F9C22A}.Release|Any CPU.Build.0 = Release|Any CPU
		{5BBADECD-63B6-457F-BD36-EA3131F9C22A}.Release|Mixed Platforms.ActiveCfg = Release|Any CPU
		{5BBADECD-63B6-457F-BD36-EA3131F9C22A}.Release|Mixed Platforms.Build.0 = Release|Any CPU
		{5BBADECD-63B6-457F-BD36-EA3131F9C22A}.Release|Win32.ActiveCfg = Release|Any CPU
		{5BBADECD-63B6-457F-BD36-EA3131F9C22A}.Release|Win32.Build.0 = Release|Any CPU
		{5BBADECD-63B6-457F-BD36-EA3131F9C22A}.Release|x86.ActiveCfg = Release|Any CPU
		{5BBADECD-63B6-457F-BD36-EA3131F9C22A}.Release|x86.Build.0 = Release|Any CPU
		{B23FD68B-C4A4-408F-B81E-CB5B33ADFFA7}.Debug|Any CPU.ActiveCfg = Debug|Any CPU
		{B23FD68B-C4A4-408F-B81E-CB5B33ADFFA7}.Debug|Any CPU.Build.0 = Debug|Any CPU
		{B23FD68B-C4A4-408F-B81E-CB5B33ADFFA7}.Debug|Mixed Platforms.ActiveCfg = Debug|Any CPU
		{B23FD68B-C4A4-408F-B81E-CB5B33ADFFA7}.Debug|Mixed Platforms.Build.0 = Debug|Any CPU
		{B23FD68B-C4A4-408F-B81E-CB5B33ADFFA7}.Debug|Win32.ActiveCfg = Debug|Any CPU
		{B23FD68B-C4A4-408F-B81E-CB5B33ADFFA7}.Debug|Win32.Build.0 = Debug|Any CPU
		{B23FD68B-C4A4-408F-B81E-CB5B33ADFFA7}.Debug|x86.ActiveCfg = Debug|Any CPU
		{B23FD68B-C4A4-408F-B81E-CB5B33ADFFA7}.Debug|x86.Build.0 = Debug|Any CPU
		{B23FD68B-C4A4-408F-B81E-CB5B33ADFFA7}.Release|Any CPU.ActiveCfg = Release|Any CPU
		{B23FD68B-C4A4-408F-B81E-CB5B33ADFFA7}.Release|Any CPU.Build.0 = Release|Any CPU
		{B23FD68B-C4A4-408F-B81E-CB5B33ADFFA7}.Release|Mixed Platforms.ActiveCfg = Release|Any CPU
		{B23FD68B-C4A4-408F-B81E-CB5B33ADFFA7}.Release|Mixed Platforms.Build.0 = Release|Any CPU
		{B23FD68B-C4A4-408F-B81E-CB5B33ADFFA7}.Release|Win32.ActiveCfg = Release|Any CPU
		{B23FD68B-C4A4-408F-B81E-CB5B33ADFFA7}.Release|Win32.Build.0 = Release|Any CPU
		{B23FD68B-C4A4-408F-B81E-CB5B33ADFFA7}.Release|x86.ActiveCfg = Release|Any CPU
		{B23FD68B-C4A4-408F-B81E-CB5B33ADFFA7}.Release|x86.Build.0 = Release|Any CPU
	EndGlobalSection
	GlobalSection(SolutionProperties) = preSolution
		HideSolutionNode = FALSE
	EndGlobalSection
	GlobalSection(NestedProjects) = preSolution
		{84C944D1-3981-49D5-BFBE-D4D4C1A7F7F7} = {9150167F-3985-4291-BAAC-FC745B848C4F}
		{D052C890-DA0C-419E-BF62-DAF4B527AEE1} = {5A493521-58C0-4B84-9FBD-C58EC3016C51}
		{1CED8752-D248-425E-B665-AE95F687C5CE} = {5A493521-58C0-4B84-9FBD-C58EC3016C51}
		{08A919F9-5651-45A3-BFF3-1A80B6849E9C} = {D052C890-DA0C-419E-BF62-DAF4B527AEE1}
		{5C3EFC3B-E56C-4C7D-BA3B-DF34DC75CA6B} = {D052C890-DA0C-419E-BF62-DAF4B527AEE1}
		{9F16696C-7EE9-4F5F-B1B7-6111CED4D351} = {D052C890-DA0C-419E-BF62-DAF4B527AEE1}
		{C6DB63CA-1892-4E6C-A6F4-F3A71F2DFF24} = {D052C890-DA0C-419E-BF62-DAF4B527AEE1}
		{7625DD00-10D7-4CC0-8566-E2D49546D350} = {1CED8752-D248-425E-B665-AE95F687C5CE}
		{832E0087-67FA-4798-9A01-A4B4A9099410} = {1CED8752-D248-425E-B665-AE95F687C5CE}
		{82A01467-CE83-42D9-942F-A9B4D8EDB2E6} = {1CED8752-D248-425E-B665-AE95F687C5CE}
		{B71E77B1-F497-464E-BE2B-33A8C1BB7762} = {1CED8752-D248-425E-B665-AE95F687C5CE}
		{616A3166-E491-06C2-0090-55302642AD96} = {0568A34A-4700-4C76-8CD0-AACF9BC1E070}
		{547590D6-2C71-CC7D-0DB3-873E658ACA13} = {0568A34A-4700-4C76-8CD0-AACF9BC1E070}
		{3296BE72-F1FC-1AC1-8A7C-0B96388600D6} = {0568A34A-4700-4C76-8CD0-AACF9BC1E070}
		{98C3662E-CE8C-8EFE-6E0F-BDB11F85BE1D} = {0568A34A-4700-4C76-8CD0-AACF9BC1E070}
		{74093F57-182E-4009-AA40-12455DE04C00} = {9150167F-3985-4291-BAAC-FC745B848C4F}
		{73B2EBAB-D1D4-4373-B797-4699B51065DC} = {9150167F-3985-4291-BAAC-FC745B848C4F}
		{BE3CB0C5-89A1-4FDD-8638-DD74A11A45BA} = {5A493521-58C0-4B84-9FBD-C58EC3016C51}
		{68EEE97D-E162-43F4-AFF9-C564680D7247} = {BE3CB0C5-89A1-4FDD-8638-DD74A11A45BA}
		{71837595-C2A9-4C59-8358-391767A6B33F} = {BE3CB0C5-89A1-4FDD-8638-DD74A11A45BA}
		{6CFCF17B-5925-4D80-8543-F30844973308} = {BE3CB0C5-89A1-4FDD-8638-DD74A11A45BA}
		{2B20E37F-AC66-45A7-8732-79A3129138F0} = {BE3CB0C5-89A1-4FDD-8638-DD74A11A45BA}
		{6345351C-0A10-4713-9012-170E26544AD9} = {5A493521-58C0-4B84-9FBD-C58EC3016C51}
		{01B9EC14-60A8-427B-A359-0E7BB0779A61} = {6345351C-0A10-4713-9012-170E26544AD9}
		{341EF70F-EC29-4223-ADF8-2AB3FADD6CBB} = {6345351C-0A10-4713-9012-170E26544AD9}
		{6251040D-31F9-4B4C-BB31-C1EF0CE4357F} = {6345351C-0A10-4713-9012-170E26544AD9}
		{AE28CEF6-F176-4C06-AC5B-6F73A79F1189} = {6345351C-0A10-4713-9012-170E26544AD9}
		{2FCC1B45-9D69-4238-AD8B-B79DEB5D0969} = {5A493521-58C0-4B84-9FBD-C58EC3016C51}
		{5E2D1B7A-C2D1-4FC1-B5FD-A677217114CD} = {2FCC1B45-9D69-4238-AD8B-B79DEB5D0969}
		{3E02FD62-78A1-4A7C-B26D-BAAB31AA1420} = {2FCC1B45-9D69-4238-AD8B-B79DEB5D0969}
		{98269DDC-CF41-415D-949B-EAE07100C5F9} = {2FCC1B45-9D69-4238-AD8B-B79DEB5D0969}
		{3E7C6384-1F49-40C6-8064-9BD8D01DF368} = {2FCC1B45-9D69-4238-AD8B-B79DEB5D0969}
		{3A5CE9E4-F3F7-45C7-9910-50FD7698A11E} = {5A493521-58C0-4B84-9FBD-C58EC3016C51}
		{7E39CAA8-E0E3-430C-95DA-02E9A4025EB1} = {3A5CE9E4-F3F7-45C7-9910-50FD7698A11E}
		{71557576-1F1B-40F1-815F-72D7756D5B17} = {3A5CE9E4-F3F7-45C7-9910-50FD7698A11E}
		{190A3011-BDD3-445E-84A4-4C5A2702372C} = {3A5CE9E4-F3F7-45C7-9910-50FD7698A11E}
		{679061DC-842D-4375-AF5E-2B0B0D80C763} = {3A5CE9E4-F3F7-45C7-9910-50FD7698A11E}
		{47D02BCF-DFB3-4BC5-8BF9-6B34E4E220E9} = {5A493521-58C0-4B84-9FBD-C58EC3016C51}
		{2076CC68-0DAB-46F1-811D-64E0D783C497} = {47D02BCF-DFB3-4BC5-8BF9-6B34E4E220E9}
		{7CA6C6B1-1595-462D-B014-5EA9231A13D9} = {47D02BCF-DFB3-4BC5-8BF9-6B34E4E220E9}
		{DCF647E7-A81A-44D5-95C8-D945072A0AE6} = {47D02BCF-DFB3-4BC5-8BF9-6B34E4E220E9}
		{5BBADECD-63B6-457F-BD36-EA3131F9C22A} = {47D02BCF-DFB3-4BC5-8BF9-6B34E4E220E9}
	EndGlobalSection
	GlobalSection(ExtensibilityGlobals) = postSolution
		SolutionGuid = {89AAA8F3-987A-4F5F-B53D-AF4380521D57}
	EndGlobalSection
EndGlobal
